// !$*UTF8*$!
{
	archiveVersion = 1;
	classes = {
	};
	objectVersion = 55;
	objects = {

/* Begin PBXBuildFile section */
		11125484274725D400F6F53F /* EmailRegistrationViewController.swift in Sources */ = {isa = PBXBuildFile; fileRef = 11125483274725D400F6F53F /* EmailRegistrationViewController.swift */; };
		115F12EA274F077A00B238E2 /* SectionHeader.swift in Sources */ = {isa = PBXBuildFile; fileRef = 115F12E9274F077A00B238E2 /* SectionHeader.swift */; };
		115F12EF274F1F7300B238E2 /* SearchBar.swift in Sources */ = {isa = PBXBuildFile; fileRef = 115F12EE274F1F7300B238E2 /* SearchBar.swift */; };
		116067152759A96300ABA84B /* EmailRegistrationViewPresenter.swift in Sources */ = {isa = PBXBuildFile; fileRef = 116067142759A96300ABA84B /* EmailRegistrationViewPresenter.swift */; };
		116067172759B89B00ABA84B /* AssemblyBuilder.swift in Sources */ = {isa = PBXBuildFile; fileRef = 116067162759B89B00ABA84B /* AssemblyBuilder.swift */; };
		1160671B2759BD6400ABA84B /* EmailRegistrationViewProtocol.swift in Sources */ = {isa = PBXBuildFile; fileRef = 1160671A2759BD6400ABA84B /* EmailRegistrationViewProtocol.swift */; };
		1160671D2759BDA500ABA84B /* EmailRegistrationViewPresenterProtocol.swift in Sources */ = {isa = PBXBuildFile; fileRef = 1160671C2759BDA500ABA84B /* EmailRegistrationViewPresenterProtocol.swift */; };
		116067202759BE5100ABA84B /* AssemblyBuilderProtocol.swift in Sources */ = {isa = PBXBuildFile; fileRef = 1160671F2759BE5100ABA84B /* AssemblyBuilderProtocol.swift */; };
		11616732274DADB000A81B2D /* WaitingChatCell.swift in Sources */ = {isa = PBXBuildFile; fileRef = 11616731274DADB000A81B2D /* WaitingChatCell.swift */; };
		11616736274DB61E00A81B2D /* GradientView.swift in Sources */ = {isa = PBXBuildFile; fileRef = 11616735274DB61E00A81B2D /* GradientView.swift */; };
		11623C602741D3DA00EFA598 /* UnderlineTextField.swift in Sources */ = {isa = PBXBuildFile; fileRef = 11623C5F2741D3DA00EFA598 /* UnderlineTextField.swift */; };
		1162D6C22747148800AAF936 /* UISegmentedControl+Extension.swift in Sources */ = {isa = PBXBuildFile; fileRef = 1162D6C12747148800AAF936 /* UISegmentedControl+Extension.swift */; };
		1163EB272758456600728C6D /* AuthenticationService.swift in Sources */ = {isa = PBXBuildFile; fileRef = 1163EB262758456600728C6D /* AuthenticationService.swift */; };
		1163EB2A27585EE100728C6D /* AuthenticationServiceProtocol.swift in Sources */ = {isa = PBXBuildFile; fileRef = 1163EB2927585EE100728C6D /* AuthenticationServiceProtocol.swift */; };
		1167AB3D275448F30085A66C /* UIView+Extension.swift in Sources */ = {isa = PBXBuildFile; fileRef = 1167AB3C275448F30085A66C /* UIView+Extension.swift */; };
		11686ADE2766B6A0000A0B2E /* ChatsViewPresenterProtocol.swift in Sources */ = {isa = PBXBuildFile; fileRef = 11686ADD2766B6A0000A0B2E /* ChatsViewPresenterProtocol.swift */; };
		11686AE02766B9CD000A0B2E /* ChatsViewProtocol.swift in Sources */ = {isa = PBXBuildFile; fileRef = 11686ADF2766B9CD000A0B2E /* ChatsViewProtocol.swift */; };
		11686AE22766BA6B000A0B2E /* ChatsViewPresenter.swift in Sources */ = {isa = PBXBuildFile; fileRef = 11686AE12766BA6B000A0B2E /* ChatsViewPresenter.swift */; };
		11686AE42766C6A3000A0B2E /* UINavigationItem+Extension.swift in Sources */ = {isa = PBXBuildFile; fileRef = 11686AE32766C6A3000A0B2E /* UINavigationItem+Extension.swift */; };
		1168914E275C5657005003A0 /* SetupProfileViewPresenterProtocol.swift in Sources */ = {isa = PBXBuildFile; fileRef = 1168914D275C5657005003A0 /* SetupProfileViewPresenterProtocol.swift */; };
		11689150275C572C005003A0 /* SetupProfileViewPresenter.swift in Sources */ = {isa = PBXBuildFile; fileRef = 1168914F275C572C005003A0 /* SetupProfileViewPresenter.swift */; };
		11689152275C5B27005003A0 /* UIAlertController+Extension.swift in Sources */ = {isa = PBXBuildFile; fileRef = 11689151275C5B27005003A0 /* UIAlertController+Extension.swift */; };
		11690133274C628300A0C991 /* ActiveChatCell.swift in Sources */ = {isa = PBXBuildFile; fileRef = 11690132274C628300A0C991 /* ActiveChatCell.swift */; };
		11690136274C648000A0C991 /* CellConfigurationProtocol.swift in Sources */ = {isa = PBXBuildFile; fileRef = 11690135274C648000A0C991 /* CellConfigurationProtocol.swift */; };
		116B46E62757015500B064C4 /* Validator.swift in Sources */ = {isa = PBXBuildFile; fileRef = 116B46E52757015500B064C4 /* Validator.swift */; };
		116B46E827570CAB00B064C4 /* AuthenticationError.swift in Sources */ = {isa = PBXBuildFile; fileRef = 116B46E727570CAB00B064C4 /* AuthenticationError.swift */; };
		116DE6ED274882AA0060016D /* ChatsViewController.swift in Sources */ = {isa = PBXBuildFile; fileRef = 116DE6EC274882AA0060016D /* ChatsViewController.swift */; };
		116DE6EF274882BE0060016D /* PeopleViewController.swift in Sources */ = {isa = PBXBuildFile; fileRef = 116DE6EE274882BE0060016D /* PeopleViewController.swift */; };
		116DE6F1274883650060016D /* PeopleAndChatsTabBarController.swift in Sources */ = {isa = PBXBuildFile; fileRef = 116DE6F0274883650060016D /* PeopleAndChatsTabBarController.swift */; };
		116E1E60274B0E8B00C0B27E /* ChatModel.swift in Sources */ = {isa = PBXBuildFile; fileRef = 116E1E5F274B0E8B00C0B27E /* ChatModel.swift */; };
		116E1E64274B1BDC00C0B27E /* activeChats.json in Resources */ = {isa = PBXBuildFile; fileRef = 116E1E62274B1BDC00C0B27E /* activeChats.json */; };
		116E1E65274B1BDC00C0B27E /* waitingChats.json in Resources */ = {isa = PBXBuildFile; fileRef = 116E1E63274B1BDC00C0B27E /* waitingChats.json */; };
		116E1E6A274B1F6200C0B27E /* BandleDecodable.swift in Sources */ = {isa = PBXBuildFile; fileRef = 116E1E69274B1F6200C0B27E /* BandleDecodable.swift */; };
		116E5E3E273F33F400AE2FB2 /* UILabel+Extension.swift in Sources */ = {isa = PBXBuildFile; fileRef = 116E5E3D273F33F400AE2FB2 /* UILabel+Extension.swift */; };
		116E5E40273F341200AE2FB2 /* UIImageview+Extension.swift in Sources */ = {isa = PBXBuildFile; fileRef = 116E5E3F273F341200AE2FB2 /* UIImageview+Extension.swift */; };
		116E5E42273F47FB00AE2FB2 /* UIStackView+Extension.swift in Sources */ = {isa = PBXBuildFile; fileRef = 116E5E41273F47FB00AE2FB2 /* UIStackView+Extension.swift */; };
		116F10402760439600341F83 /* users.json in Resources */ = {isa = PBXBuildFile; fileRef = 116F103F2760439600341F83 /* users.json */; };
		116F8F0627531BEF00283018 /* MessageFromProfileTextField.swift in Sources */ = {isa = PBXBuildFile; fileRef = 116F8F0527531BEF00283018 /* MessageFromProfileTextField.swift */; };
		116FFD492751A0E2000E6C2D /* UserModel.swift in Sources */ = {isa = PBXBuildFile; fileRef = 116FFD482751A0E2000E6C2D /* UserModel.swift */; };
		116FFD4B2751A30B000E6C2D /* UserCell.swift in Sources */ = {isa = PBXBuildFile; fileRef = 116FFD4A2751A30B000E6C2D /* UserCell.swift */; };
		116FFD4D2751A8EB000E6C2D /* UIViewController+Extension.swift in Sources */ = {isa = PBXBuildFile; fileRef = 116FFD4C2751A8EB000E6C2D /* UIViewController+Extension.swift */; };
		11724BED2745F3F5003AF64E /* SetupProfileViewController.swift in Sources */ = {isa = PBXBuildFile; fileRef = 11724BEC2745F3F5003AF64E /* SetupProfileViewController.swift */; };
		1175D790275AE4FD00039D8F /* LoginViewPresenter.swift in Sources */ = {isa = PBXBuildFile; fileRef = 1175D78F275AE4FD00039D8F /* LoginViewPresenter.swift */; };
		1175D793275AE53200039D8F /* LoginViewProtocol.swift in Sources */ = {isa = PBXBuildFile; fileRef = 1175D792275AE53200039D8F /* LoginViewProtocol.swift */; };
		1175D795275AE54C00039D8F /* LoginViewPresenterProtocol.swift in Sources */ = {isa = PBXBuildFile; fileRef = 1175D794275AE54C00039D8F /* LoginViewPresenterProtocol.swift */; };
		1175D797275AFFB200039D8F /* RouterAuthentication.swift in Sources */ = {isa = PBXBuildFile; fileRef = 1175D796275AFFB200039D8F /* RouterAuthentication.swift */; };
		1175D799275B179100039D8F /* AuthenticationViewPresenter.swift in Sources */ = {isa = PBXBuildFile; fileRef = 1175D798275B179100039D8F /* AuthenticationViewPresenter.swift */; };
		1175D79B275B17B900039D8F /* AuthenticationViewPresenterProtocol.swift in Sources */ = {isa = PBXBuildFile; fileRef = 1175D79A275B17B900039D8F /* AuthenticationViewPresenterProtocol.swift */; };
		1175D7A0275B1EF100039D8F /* RouterProtocol.swift in Sources */ = {isa = PBXBuildFile; fileRef = 1175D79F275B1EF100039D8F /* RouterProtocol.swift */; };
		1175D7A3275B1F3E00039D8F /* RouterAuthenticationProtocol.swift in Sources */ = {isa = PBXBuildFile; fileRef = 1175D7A2275B1F3E00039D8F /* RouterAuthenticationProtocol.swift */; };
		1178E850273DDEB10049EA54 /* AppDelegate.swift in Sources */ = {isa = PBXBuildFile; fileRef = 1178E84F273DDEB10049EA54 /* AppDelegate.swift */; };
		1178E852273DDEB10049EA54 /* SceneDelegate.swift in Sources */ = {isa = PBXBuildFile; fileRef = 1178E851273DDEB10049EA54 /* SceneDelegate.swift */; };
		1178E859273DDEB40049EA54 /* Assets.xcassets in Resources */ = {isa = PBXBuildFile; fileRef = 1178E858273DDEB40049EA54 /* Assets.xcassets */; };
		1178E85C273DDEB40049EA54 /* LaunchScreen.storyboard in Resources */ = {isa = PBXBuildFile; fileRef = 1178E85A273DDEB40049EA54 /* LaunchScreen.storyboard */; };
		1178E86A273E01D90049EA54 /* UIColor+Extension.swift in Sources */ = {isa = PBXBuildFile; fileRef = 1178E869273E01D90049EA54 /* UIColor+Extension.swift */; };
		1178E86C273E05FA0049EA54 /* UIFont+Extension.swift in Sources */ = {isa = PBXBuildFile; fileRef = 1178E86B273E05FA0049EA54 /* UIFont+Extension.swift */; };
		11892158275EE9AC00CF871F /* FireStoreServiceProtocol.swift in Sources */ = {isa = PBXBuildFile; fileRef = 11892157275EE9AC00CF871F /* FireStoreServiceProtocol.swift */; };
		1189215C275EEB8900CF871F /* FirestoreService.swift in Sources */ = {isa = PBXBuildFile; fileRef = 1189215B275EEB8900CF871F /* FirestoreService.swift */; };
		1189215E275EF28B00CF871F /* UserError.swift in Sources */ = {isa = PBXBuildFile; fileRef = 1189215D275EF28A00CF871F /* UserError.swift */; };
		11892162275EFD3D00CF871F /* SetupProfileViewProtocol.swift in Sources */ = {isa = PBXBuildFile; fileRef = 11892161275EFD3D00CF871F /* SetupProfileViewProtocol.swift */; };
		118C8A9B275866FB00B0C014 /* ChatRequestViewController.swift in Sources */ = {isa = PBXBuildFile; fileRef = 118C8A99275866FB00B0C014 /* ChatRequestViewController.swift */; };
		118C8A9C275866FB00B0C014 /* ProfileViewController.swift in Sources */ = {isa = PBXBuildFile; fileRef = 118C8A9A275866FB00B0C014 /* ProfileViewController.swift */; };
		1193F1432755B61300C601C0 /* GoogleService-Info.plist in Resources */ = {isa = PBXBuildFile; fileRef = 1193F1422755B61300C601C0 /* GoogleService-Info.plist */; };
		119513B327618C750096FA95 /* PeopleViewProtocol.swift in Sources */ = {isa = PBXBuildFile; fileRef = 119513B227618C750096FA95 /* PeopleViewProtocol.swift */; };
		119513B527618CE00096FA95 /* PeopleViewPresenterProtocol.swift in Sources */ = {isa = PBXBuildFile; fileRef = 119513B427618CE00096FA95 /* PeopleViewPresenterProtocol.swift */; };
		119513B827618E4C0096FA95 /* PeopleViewPresenter.swift in Sources */ = {isa = PBXBuildFile; fileRef = 119513B727618E4C0096FA95 /* PeopleViewPresenter.swift */; };
		11A806462745E97800C08379 /* AuthenticationViewController.swift in Sources */ = {isa = PBXBuildFile; fileRef = 11A806422745E97700C08379 /* AuthenticationViewController.swift */; };
		11A806472745E97800C08379 /* LoginViewController.swift in Sources */ = {isa = PBXBuildFile; fileRef = 11A806432745E97700C08379 /* LoginViewController.swift */; };
		11A8064B2745E99300C08379 /* AddProfilePhoto.swift in Sources */ = {isa = PBXBuildFile; fileRef = 11A8064A2745E99300C08379 /* AddProfilePhoto.swift */; };
		11A8064E2745EA0E00C08379 /* UIButton+Extension.swift in Sources */ = {isa = PBXBuildFile; fileRef = 11A8064D2745EA0E00C08379 /* UIButton+Extension.swift */; };
		D3D8F71575003F0E6C7ABD51 /* Pods_Messenger.framework in Frameworks */ = {isa = PBXBuildFile; fileRef = FA571685D4FA5819408A1751 /* Pods_Messenger.framework */; };
/* End PBXBuildFile section */

/* Begin PBXFileReference section */
		11125483274725D400F6F53F /* EmailRegistrationViewController.swift */ = {isa = PBXFileReference; fileEncoding = 4; lastKnownFileType = sourcecode.swift; path = EmailRegistrationViewController.swift; sourceTree = "<group>"; };
		115F12E9274F077A00B238E2 /* SectionHeader.swift */ = {isa = PBXFileReference; lastKnownFileType = sourcecode.swift; path = SectionHeader.swift; sourceTree = "<group>"; };
		115F12EE274F1F7300B238E2 /* SearchBar.swift */ = {isa = PBXFileReference; fileEncoding = 4; lastKnownFileType = sourcecode.swift; path = SearchBar.swift; sourceTree = "<group>"; };
		116067142759A96300ABA84B /* EmailRegistrationViewPresenter.swift */ = {isa = PBXFileReference; lastKnownFileType = sourcecode.swift; path = EmailRegistrationViewPresenter.swift; sourceTree = "<group>"; };
		116067162759B89B00ABA84B /* AssemblyBuilder.swift */ = {isa = PBXFileReference; lastKnownFileType = sourcecode.swift; path = AssemblyBuilder.swift; sourceTree = "<group>"; };
		1160671A2759BD6400ABA84B /* EmailRegistrationViewProtocol.swift */ = {isa = PBXFileReference; lastKnownFileType = sourcecode.swift; path = EmailRegistrationViewProtocol.swift; sourceTree = "<group>"; };
		1160671C2759BDA500ABA84B /* EmailRegistrationViewPresenterProtocol.swift */ = {isa = PBXFileReference; lastKnownFileType = sourcecode.swift; path = EmailRegistrationViewPresenterProtocol.swift; sourceTree = "<group>"; };
		1160671F2759BE5100ABA84B /* AssemblyBuilderProtocol.swift */ = {isa = PBXFileReference; lastKnownFileType = sourcecode.swift; path = AssemblyBuilderProtocol.swift; sourceTree = "<group>"; };
		11616731274DADB000A81B2D /* WaitingChatCell.swift */ = {isa = PBXFileReference; lastKnownFileType = sourcecode.swift; path = WaitingChatCell.swift; sourceTree = "<group>"; };
		11616735274DB61E00A81B2D /* GradientView.swift */ = {isa = PBXFileReference; lastKnownFileType = sourcecode.swift; path = GradientView.swift; sourceTree = "<group>"; };
		11623C5F2741D3DA00EFA598 /* UnderlineTextField.swift */ = {isa = PBXFileReference; lastKnownFileType = sourcecode.swift; path = UnderlineTextField.swift; sourceTree = "<group>"; };
		1162D6C12747148800AAF936 /* UISegmentedControl+Extension.swift */ = {isa = PBXFileReference; lastKnownFileType = sourcecode.swift; path = "UISegmentedControl+Extension.swift"; sourceTree = "<group>"; };
		1163EB262758456600728C6D /* AuthenticationService.swift */ = {isa = PBXFileReference; lastKnownFileType = sourcecode.swift; path = AuthenticationService.swift; sourceTree = "<group>"; };
		1163EB2927585EE100728C6D /* AuthenticationServiceProtocol.swift */ = {isa = PBXFileReference; lastKnownFileType = sourcecode.swift; path = AuthenticationServiceProtocol.swift; sourceTree = "<group>"; };
		1167AB3C275448F30085A66C /* UIView+Extension.swift */ = {isa = PBXFileReference; lastKnownFileType = sourcecode.swift; path = "UIView+Extension.swift"; sourceTree = "<group>"; };
		11686ADD2766B6A0000A0B2E /* ChatsViewPresenterProtocol.swift */ = {isa = PBXFileReference; lastKnownFileType = sourcecode.swift; path = ChatsViewPresenterProtocol.swift; sourceTree = "<group>"; };
		11686ADF2766B9CD000A0B2E /* ChatsViewProtocol.swift */ = {isa = PBXFileReference; lastKnownFileType = sourcecode.swift; path = ChatsViewProtocol.swift; sourceTree = "<group>"; };
		11686AE12766BA6B000A0B2E /* ChatsViewPresenter.swift */ = {isa = PBXFileReference; lastKnownFileType = sourcecode.swift; path = ChatsViewPresenter.swift; sourceTree = "<group>"; };
		11686AE32766C6A3000A0B2E /* UINavigationItem+Extension.swift */ = {isa = PBXFileReference; lastKnownFileType = sourcecode.swift; path = "UINavigationItem+Extension.swift"; sourceTree = "<group>"; };
		1168914D275C5657005003A0 /* SetupProfileViewPresenterProtocol.swift */ = {isa = PBXFileReference; lastKnownFileType = sourcecode.swift; path = SetupProfileViewPresenterProtocol.swift; sourceTree = "<group>"; };
		1168914F275C572C005003A0 /* SetupProfileViewPresenter.swift */ = {isa = PBXFileReference; lastKnownFileType = sourcecode.swift; path = SetupProfileViewPresenter.swift; sourceTree = "<group>"; };
		11689151275C5B27005003A0 /* UIAlertController+Extension.swift */ = {isa = PBXFileReference; lastKnownFileType = sourcecode.swift; path = "UIAlertController+Extension.swift"; sourceTree = "<group>"; };
		11690132274C628300A0C991 /* ActiveChatCell.swift */ = {isa = PBXFileReference; lastKnownFileType = sourcecode.swift; path = ActiveChatCell.swift; sourceTree = "<group>"; };
		11690135274C648000A0C991 /* CellConfigurationProtocol.swift */ = {isa = PBXFileReference; lastKnownFileType = sourcecode.swift; path = CellConfigurationProtocol.swift; sourceTree = "<group>"; };
		116B46E52757015500B064C4 /* Validator.swift */ = {isa = PBXFileReference; lastKnownFileType = sourcecode.swift; path = Validator.swift; sourceTree = "<group>"; };
		116B46E727570CAB00B064C4 /* AuthenticationError.swift */ = {isa = PBXFileReference; lastKnownFileType = sourcecode.swift; path = AuthenticationError.swift; sourceTree = "<group>"; };
		116DE6EC274882AA0060016D /* ChatsViewController.swift */ = {isa = PBXFileReference; lastKnownFileType = sourcecode.swift; path = ChatsViewController.swift; sourceTree = "<group>"; };
		116DE6EE274882BE0060016D /* PeopleViewController.swift */ = {isa = PBXFileReference; lastKnownFileType = sourcecode.swift; path = PeopleViewController.swift; sourceTree = "<group>"; };
		116DE6F0274883650060016D /* PeopleAndChatsTabBarController.swift */ = {isa = PBXFileReference; lastKnownFileType = sourcecode.swift; path = PeopleAndChatsTabBarController.swift; sourceTree = "<group>"; };
		116E1E5F274B0E8B00C0B27E /* ChatModel.swift */ = {isa = PBXFileReference; lastKnownFileType = sourcecode.swift; path = ChatModel.swift; sourceTree = "<group>"; };
		116E1E62274B1BDC00C0B27E /* activeChats.json */ = {isa = PBXFileReference; fileEncoding = 4; lastKnownFileType = text.json; path = activeChats.json; sourceTree = "<group>"; };
		116E1E63274B1BDC00C0B27E /* waitingChats.json */ = {isa = PBXFileReference; fileEncoding = 4; lastKnownFileType = text.json; path = waitingChats.json; sourceTree = "<group>"; };
		116E1E69274B1F6200C0B27E /* BandleDecodable.swift */ = {isa = PBXFileReference; lastKnownFileType = sourcecode.swift; path = BandleDecodable.swift; sourceTree = "<group>"; };
		116E5E3D273F33F400AE2FB2 /* UILabel+Extension.swift */ = {isa = PBXFileReference; lastKnownFileType = sourcecode.swift; path = "UILabel+Extension.swift"; sourceTree = "<group>"; };
		116E5E3F273F341200AE2FB2 /* UIImageview+Extension.swift */ = {isa = PBXFileReference; lastKnownFileType = sourcecode.swift; path = "UIImageview+Extension.swift"; sourceTree = "<group>"; };
		116E5E41273F47FB00AE2FB2 /* UIStackView+Extension.swift */ = {isa = PBXFileReference; lastKnownFileType = sourcecode.swift; path = "UIStackView+Extension.swift"; sourceTree = "<group>"; };
		116F103F2760439600341F83 /* users.json */ = {isa = PBXFileReference; fileEncoding = 4; lastKnownFileType = text.json; path = users.json; sourceTree = "<group>"; };
		116F8F0527531BEF00283018 /* MessageFromProfileTextField.swift */ = {isa = PBXFileReference; lastKnownFileType = sourcecode.swift; path = MessageFromProfileTextField.swift; sourceTree = "<group>"; };
		116FFD482751A0E2000E6C2D /* UserModel.swift */ = {isa = PBXFileReference; lastKnownFileType = sourcecode.swift; path = UserModel.swift; sourceTree = "<group>"; };
		116FFD4A2751A30B000E6C2D /* UserCell.swift */ = {isa = PBXFileReference; lastKnownFileType = sourcecode.swift; path = UserCell.swift; sourceTree = "<group>"; };
		116FFD4C2751A8EB000E6C2D /* UIViewController+Extension.swift */ = {isa = PBXFileReference; lastKnownFileType = sourcecode.swift; path = "UIViewController+Extension.swift"; sourceTree = "<group>"; };
		11724BEC2745F3F5003AF64E /* SetupProfileViewController.swift */ = {isa = PBXFileReference; lastKnownFileType = sourcecode.swift; path = SetupProfileViewController.swift; sourceTree = "<group>"; };
		1175D78F275AE4FD00039D8F /* LoginViewPresenter.swift */ = {isa = PBXFileReference; lastKnownFileType = sourcecode.swift; path = LoginViewPresenter.swift; sourceTree = "<group>"; };
		1175D792275AE53200039D8F /* LoginViewProtocol.swift */ = {isa = PBXFileReference; lastKnownFileType = sourcecode.swift; path = LoginViewProtocol.swift; sourceTree = "<group>"; };
		1175D794275AE54C00039D8F /* LoginViewPresenterProtocol.swift */ = {isa = PBXFileReference; lastKnownFileType = sourcecode.swift; path = LoginViewPresenterProtocol.swift; sourceTree = "<group>"; };
		1175D796275AFFB200039D8F /* RouterAuthentication.swift */ = {isa = PBXFileReference; lastKnownFileType = sourcecode.swift; path = RouterAuthentication.swift; sourceTree = "<group>"; };
		1175D798275B179100039D8F /* AuthenticationViewPresenter.swift */ = {isa = PBXFileReference; lastKnownFileType = sourcecode.swift; path = AuthenticationViewPresenter.swift; sourceTree = "<group>"; };
		1175D79A275B17B900039D8F /* AuthenticationViewPresenterProtocol.swift */ = {isa = PBXFileReference; lastKnownFileType = sourcecode.swift; path = AuthenticationViewPresenterProtocol.swift; sourceTree = "<group>"; };
		1175D79F275B1EF100039D8F /* RouterProtocol.swift */ = {isa = PBXFileReference; lastKnownFileType = sourcecode.swift; path = RouterProtocol.swift; sourceTree = "<group>"; };
		1175D7A2275B1F3E00039D8F /* RouterAuthenticationProtocol.swift */ = {isa = PBXFileReference; lastKnownFileType = sourcecode.swift; path = RouterAuthenticationProtocol.swift; sourceTree = "<group>"; };
		1178E84C273DDEB10049EA54 /* Messenger.app */ = {isa = PBXFileReference; explicitFileType = wrapper.application; includeInIndex = 0; path = Messenger.app; sourceTree = BUILT_PRODUCTS_DIR; };
		1178E84F273DDEB10049EA54 /* AppDelegate.swift */ = {isa = PBXFileReference; lastKnownFileType = sourcecode.swift; path = AppDelegate.swift; sourceTree = "<group>"; };
		1178E851273DDEB10049EA54 /* SceneDelegate.swift */ = {isa = PBXFileReference; lastKnownFileType = sourcecode.swift; path = SceneDelegate.swift; sourceTree = "<group>"; };
		1178E858273DDEB40049EA54 /* Assets.xcassets */ = {isa = PBXFileReference; lastKnownFileType = folder.assetcatalog; path = Assets.xcassets; sourceTree = "<group>"; };
		1178E85B273DDEB40049EA54 /* Base */ = {isa = PBXFileReference; lastKnownFileType = file.storyboard; name = Base; path = Base.lproj/LaunchScreen.storyboard; sourceTree = "<group>"; };
		1178E85D273DDEB40049EA54 /* Info.plist */ = {isa = PBXFileReference; lastKnownFileType = text.plist.xml; path = Info.plist; sourceTree = "<group>"; };
		1178E869273E01D90049EA54 /* UIColor+Extension.swift */ = {isa = PBXFileReference; lastKnownFileType = sourcecode.swift; path = "UIColor+Extension.swift"; sourceTree = "<group>"; };
		1178E86B273E05FA0049EA54 /* UIFont+Extension.swift */ = {isa = PBXFileReference; lastKnownFileType = sourcecode.swift; path = "UIFont+Extension.swift"; sourceTree = "<group>"; };
		11892157275EE9AC00CF871F /* FireStoreServiceProtocol.swift */ = {isa = PBXFileReference; lastKnownFileType = sourcecode.swift; path = FireStoreServiceProtocol.swift; sourceTree = "<group>"; };
		1189215B275EEB8900CF871F /* FirestoreService.swift */ = {isa = PBXFileReference; lastKnownFileType = sourcecode.swift; path = FirestoreService.swift; sourceTree = "<group>"; };
		1189215D275EF28A00CF871F /* UserError.swift */ = {isa = PBXFileReference; lastKnownFileType = sourcecode.swift; path = UserError.swift; sourceTree = "<group>"; };
		11892161275EFD3D00CF871F /* SetupProfileViewProtocol.swift */ = {isa = PBXFileReference; lastKnownFileType = sourcecode.swift; path = SetupProfileViewProtocol.swift; sourceTree = "<group>"; };
		118C8A99275866FB00B0C014 /* ChatRequestViewController.swift */ = {isa = PBXFileReference; fileEncoding = 4; lastKnownFileType = sourcecode.swift; path = ChatRequestViewController.swift; sourceTree = "<group>"; };
		118C8A9A275866FB00B0C014 /* ProfileViewController.swift */ = {isa = PBXFileReference; fileEncoding = 4; lastKnownFileType = sourcecode.swift; path = ProfileViewController.swift; sourceTree = "<group>"; };
		1193F1422755B61300C601C0 /* GoogleService-Info.plist */ = {isa = PBXFileReference; fileEncoding = 4; lastKnownFileType = text.plist.xml; path = "GoogleService-Info.plist"; sourceTree = "<group>"; };
		119513B227618C750096FA95 /* PeopleViewProtocol.swift */ = {isa = PBXFileReference; lastKnownFileType = sourcecode.swift; path = PeopleViewProtocol.swift; sourceTree = "<group>"; };
		119513B427618CE00096FA95 /* PeopleViewPresenterProtocol.swift */ = {isa = PBXFileReference; lastKnownFileType = sourcecode.swift; path = PeopleViewPresenterProtocol.swift; sourceTree = "<group>"; };
		119513B727618E4C0096FA95 /* PeopleViewPresenter.swift */ = {isa = PBXFileReference; lastKnownFileType = sourcecode.swift; path = PeopleViewPresenter.swift; sourceTree = "<group>"; };
		11A806422745E97700C08379 /* AuthenticationViewController.swift */ = {isa = PBXFileReference; fileEncoding = 4; lastKnownFileType = sourcecode.swift; path = AuthenticationViewController.swift; sourceTree = "<group>"; };
		11A806432745E97700C08379 /* LoginViewController.swift */ = {isa = PBXFileReference; fileEncoding = 4; lastKnownFileType = sourcecode.swift; path = LoginViewController.swift; sourceTree = "<group>"; };
		11A8064A2745E99300C08379 /* AddProfilePhoto.swift */ = {isa = PBXFileReference; fileEncoding = 4; lastKnownFileType = sourcecode.swift; path = AddProfilePhoto.swift; sourceTree = "<group>"; };
		11A8064D2745EA0E00C08379 /* UIButton+Extension.swift */ = {isa = PBXFileReference; fileEncoding = 4; lastKnownFileType = sourcecode.swift; path = "UIButton+Extension.swift"; sourceTree = "<group>"; };
		B13A9A59CEC1F78D205A2704 /* Pods-Messenger.debug.xcconfig */ = {isa = PBXFileReference; includeInIndex = 1; lastKnownFileType = text.xcconfig; name = "Pods-Messenger.debug.xcconfig"; path = "Target Support Files/Pods-Messenger/Pods-Messenger.debug.xcconfig"; sourceTree = "<group>"; };
		EB917D643C9E09410BBB0720 /* Pods-Messenger.release.xcconfig */ = {isa = PBXFileReference; includeInIndex = 1; lastKnownFileType = text.xcconfig; name = "Pods-Messenger.release.xcconfig"; path = "Target Support Files/Pods-Messenger/Pods-Messenger.release.xcconfig"; sourceTree = "<group>"; };
		FA571685D4FA5819408A1751 /* Pods_Messenger.framework */ = {isa = PBXFileReference; explicitFileType = wrapper.framework; includeInIndex = 0; path = Pods_Messenger.framework; sourceTree = BUILT_PRODUCTS_DIR; };
/* End PBXFileReference section */

/* Begin PBXFrameworksBuildPhase section */
		1178E849273DDEB10049EA54 /* Frameworks */ = {
			isa = PBXFrameworksBuildPhase;
			buildActionMask = 2147483647;
			files = (
				D3D8F71575003F0E6C7ABD51 /* Pods_Messenger.framework in Frameworks */,
			);
			runOnlyForDeploymentPostprocessing = 0;
		};
/* End PBXFrameworksBuildPhase section */

/* Begin PBXGroup section */
		116067182759BD2200ABA84B /* Presenter */ = {
			isa = PBXGroup;
			children = (
				116067142759A96300ABA84B /* EmailRegistrationViewPresenter.swift */,
			);
			path = Presenter;
			sourceTree = "<group>";
		};
		116067192759BD3500ABA84B /* Protocols */ = {
			isa = PBXGroup;
			children = (
				1160671A2759BD6400ABA84B /* EmailRegistrationViewProtocol.swift */,
				1160671C2759BDA500ABA84B /* EmailRegistrationViewPresenterProtocol.swift */,
			);
			path = Protocols;
			sourceTree = "<group>";
		};
		1160671E2759BE2100ABA84B /* AssemblyBuilder */ = {
			isa = PBXGroup;
			children = (
				1160671F2759BE5100ABA84B /* AssemblyBuilderProtocol.swift */,
				116067162759B89B00ABA84B /* AssemblyBuilder.swift */,
			);
			path = AssemblyBuilder;
			sourceTree = "<group>";
		};
		1163EB252758450800728C6D /* Services */ = {
			isa = PBXGroup;
			children = (
				1163EB282758599900728C6D /* Helpers */,
				11892156275EE94600CF871F /* FirestoreService */,
				11892154275EE90700CF871F /* AuthenticationService */,
			);
			path = Services;
			sourceTree = "<group>";
		};
		1163EB282758599900728C6D /* Helpers */ = {
			isa = PBXGroup;
			children = (
				116B46E52757015500B064C4 /* Validator.swift */,
				116B46E727570CAB00B064C4 /* AuthenticationError.swift */,
				1189215D275EF28A00CF871F /* UserError.swift */,
			);
			path = Helpers;
			sourceTree = "<group>";
		};
		11686ADB2766B576000A0B2E /* Presenter */ = {
			isa = PBXGroup;
			children = (
				11686AE12766BA6B000A0B2E /* ChatsViewPresenter.swift */,
			);
			path = Presenter;
			sourceTree = "<group>";
		};
		11686ADC2766B58A000A0B2E /* Protocols */ = {
			isa = PBXGroup;
			children = (
				11686ADF2766B9CD000A0B2E /* ChatsViewProtocol.swift */,
				11686ADD2766B6A0000A0B2E /* ChatsViewPresenterProtocol.swift */,
			);
			path = Protocols;
			sourceTree = "<group>";
		};
		1168914B275C561A005003A0 /* Presenter */ = {
			isa = PBXGroup;
			children = (
				1168914F275C572C005003A0 /* SetupProfileViewPresenter.swift */,
			);
			path = Presenter;
			sourceTree = "<group>";
		};
		1168914C275C5627005003A0 /* Protocol */ = {
			isa = PBXGroup;
			children = (
				1168914D275C5657005003A0 /* SetupProfileViewPresenterProtocol.swift */,
				11892161275EFD3D00CF871F /* SetupProfileViewProtocol.swift */,
			);
			path = Protocol;
			sourceTree = "<group>";
		};
		116DBB5C275D89E70015806D /* View */ = {
			isa = PBXGroup;
			children = (
				116DE6F0274883650060016D /* PeopleAndChatsTabBarController.swift */,
				115F12E9274F077A00B238E2 /* SectionHeader.swift */,
			);
			path = View;
			sourceTree = "<group>";
		};
		116DBB5D275D8A060015806D /* Protocols */ = {
			isa = PBXGroup;
			children = (
				11690135274C648000A0C991 /* CellConfigurationProtocol.swift */,
			);
			path = Protocols;
			sourceTree = "<group>";
		};
		116DE6EB27487FC10060016D /* Auth&Register */ = {
			isa = PBXGroup;
			children = (
				118C8A952758654600B0C014 /* Authentication */,
				118C8A962758655E00B0C014 /* Login */,
				118C8A97275865A100B0C014 /* EmailRegistration */,
				118C8A98275865D000B0C014 /* SetupProfile */,
			);
			path = "Auth&Register";
			sourceTree = "<group>";
		};
		116DE6F2274888410060016D /* People&Chats */ = {
			isa = PBXGroup;
			children = (
				116DBB5D275D8A060015806D /* Protocols */,
				116DBB5C275D89E70015806D /* View */,
				118C8AA5275868CF00B0C014 /* People */,
				118C8AA6275868F300B0C014 /* Chats */,
			);
			path = "People&Chats";
			sourceTree = "<group>";
		};
		116E1E5E274B0E5B00C0B27E /* Models */ = {
			isa = PBXGroup;
			children = (
				116E1E5F274B0E8B00C0B27E /* ChatModel.swift */,
				116FFD482751A0E2000E6C2D /* UserModel.swift */,
			);
			path = Models;
			sourceTree = "<group>";
		};
		116E1E66274B1F2400C0B27E /* Helper */ = {
			isa = PBXGroup;
			children = (
				116E1E69274B1F6200C0B27E /* BandleDecodable.swift */,
			);
			path = Helper;
			sourceTree = "<group>";
		};
		116E5E43273F492D00AE2FB2 /* UIKit */ = {
			isa = PBXGroup;
			children = (
				1178E869273E01D90049EA54 /* UIColor+Extension.swift */,
				11A8064D2745EA0E00C08379 /* UIButton+Extension.swift */,
				1178E86B273E05FA0049EA54 /* UIFont+Extension.swift */,
				116E5E3D273F33F400AE2FB2 /* UILabel+Extension.swift */,
				116E5E3F273F341200AE2FB2 /* UIImageview+Extension.swift */,
				116E5E41273F47FB00AE2FB2 /* UIStackView+Extension.swift */,
				1162D6C12747148800AAF936 /* UISegmentedControl+Extension.swift */,
				116FFD4C2751A8EB000E6C2D /* UIViewController+Extension.swift */,
				1167AB3C275448F30085A66C /* UIView+Extension.swift */,
				11689151275C5B27005003A0 /* UIAlertController+Extension.swift */,
				11686AE32766C6A3000A0B2E /* UINavigationItem+Extension.swift */,
			);
			path = UIKit;
			sourceTree = "<group>";
		};
		1175D78E275AE40500039D8F /* Presenter */ = {
			isa = PBXGroup;
			children = (
				1175D78F275AE4FD00039D8F /* LoginViewPresenter.swift */,
			);
			path = Presenter;
			sourceTree = "<group>";
		};
		1175D791275AE50A00039D8F /* Protocols */ = {
			isa = PBXGroup;
			children = (
				1175D792275AE53200039D8F /* LoginViewProtocol.swift */,
				1175D794275AE54C00039D8F /* LoginViewPresenterProtocol.swift */,
			);
			path = Protocols;
			sourceTree = "<group>";
		};
		1175D79E275B1EAB00039D8F /* Router */ = {
			isa = PBXGroup;
			children = (
				1175D796275AFFB200039D8F /* RouterAuthentication.swift */,
				1175D79F275B1EF100039D8F /* RouterProtocol.swift */,
				1175D7A2275B1F3E00039D8F /* RouterAuthenticationProtocol.swift */,
			);
			path = Router;
			sourceTree = "<group>";
		};
		1175D7A4275B1F7200039D8F /* Presenter */ = {
			isa = PBXGroup;
			children = (
				1175D798275B179100039D8F /* AuthenticationViewPresenter.swift */,
			);
			path = Presenter;
			sourceTree = "<group>";
		};
		1175D7A5275B1F8300039D8F /* Protocol */ = {
			isa = PBXGroup;
			children = (
				1175D79A275B17B900039D8F /* AuthenticationViewPresenterProtocol.swift */,
			);
			path = Protocol;
			sourceTree = "<group>";
		};
		1178E843273DDEB10049EA54 = {
			isa = PBXGroup;
			children = (
				1178E84E273DDEB10049EA54 /* Messenger */,
				1178E84D273DDEB10049EA54 /* Products */,
				BC9A4352C5FFD572FD8FFA89 /* Pods */,
				239BDDDDC0AB554B6C62D280 /* Frameworks */,
			);
			sourceTree = "<group>";
		};
		1178E84D273DDEB10049EA54 /* Products */ = {
			isa = PBXGroup;
			children = (
				1178E84C273DDEB10049EA54 /* Messenger.app */,
			);
			name = Products;
			sourceTree = "<group>";
		};
		1178E84E273DDEB10049EA54 /* Messenger */ = {
			isa = PBXGroup;
			children = (
				1178E863273DDEE80049EA54 /* Application */,
				1163EB252758450800728C6D /* Services */,
				1160671E2759BE2100ABA84B /* AssemblyBuilder */,
				1175D79E275B1EAB00039D8F /* Router */,
				116E1E5E274B0E5B00C0B27E /* Models */,
				1178E865273DFE6E0049EA54 /* Extensions */,
				116DE6EB27487FC10060016D /* Auth&Register */,
				116DE6F2274888410060016D /* People&Chats */,
				118C8A9E2758675400B0C014 /* Profile */,
				118C8A9D2758672C00B0C014 /* ChatRequest */,
				1178E864273DDF0B0049EA54 /* Supporting Files */,
			);
			path = Messenger;
			sourceTree = "<group>";
		};
		1178E863273DDEE80049EA54 /* Application */ = {
			isa = PBXGroup;
			children = (
				1178E84F273DDEB10049EA54 /* AppDelegate.swift */,
				1178E851273DDEB10049EA54 /* SceneDelegate.swift */,
			);
			path = Application;
			sourceTree = "<group>";
		};
		1178E864273DDF0B0049EA54 /* Supporting Files */ = {
			isa = PBXGroup;
			children = (
				116E1E62274B1BDC00C0B27E /* activeChats.json */,
				116E1E63274B1BDC00C0B27E /* waitingChats.json */,
				116F103F2760439600341F83 /* users.json */,
				1178E858273DDEB40049EA54 /* Assets.xcassets */,
				1178E85A273DDEB40049EA54 /* LaunchScreen.storyboard */,
				1178E85D273DDEB40049EA54 /* Info.plist */,
				1193F1422755B61300C601C0 /* GoogleService-Info.plist */,
			);
			path = "Supporting Files";
			sourceTree = "<group>";
		};
		1178E865273DFE6E0049EA54 /* Extensions */ = {
			isa = PBXGroup;
			children = (
				116E1E66274B1F2400C0B27E /* Helper */,
				11A8064C2745E9A600C08379 /* Components */,
				116E5E43273F492D00AE2FB2 /* UIKit */,
			);
			path = Extensions;
			sourceTree = "<group>";
		};
		11892154275EE90700CF871F /* AuthenticationService */ = {
			isa = PBXGroup;
			children = (
				1163EB2927585EE100728C6D /* AuthenticationServiceProtocol.swift */,
				1163EB262758456600728C6D /* AuthenticationService.swift */,
			);
			path = AuthenticationService;
			sourceTree = "<group>";
		};
		11892156275EE94600CF871F /* FirestoreService */ = {
			isa = PBXGroup;
			children = (
				11892157275EE9AC00CF871F /* FireStoreServiceProtocol.swift */,
				1189215B275EEB8900CF871F /* FirestoreService.swift */,
			);
			path = FirestoreService;
			sourceTree = "<group>";
		};
		118C8A952758654600B0C014 /* Authentication */ = {
			isa = PBXGroup;
			children = (
				1175D7A5275B1F8300039D8F /* Protocol */,
				1175D7A4275B1F7200039D8F /* Presenter */,
				118C8AA02758680600B0C014 /* View */,
			);
			path = Authentication;
			sourceTree = "<group>";
		};
		118C8A962758655E00B0C014 /* Login */ = {
			isa = PBXGroup;
			children = (
				1175D791275AE50A00039D8F /* Protocols */,
				1175D78E275AE40500039D8F /* Presenter */,
				118C8A9F275867FA00B0C014 /* View */,
			);
			path = Login;
			sourceTree = "<group>";
		};
		118C8A97275865A100B0C014 /* EmailRegistration */ = {
			isa = PBXGroup;
			children = (
				116067192759BD3500ABA84B /* Protocols */,
				116067182759BD2200ABA84B /* Presenter */,
				118C8AA12758680F00B0C014 /* View */,
			);
			path = EmailRegistration;
			sourceTree = "<group>";
		};
		118C8A98275865D000B0C014 /* SetupProfile */ = {
			isa = PBXGroup;
			children = (
				1168914C275C5627005003A0 /* Protocol */,
				1168914B275C561A005003A0 /* Presenter */,
				118C8AA22758681D00B0C014 /* View */,
			);
			path = SetupProfile;
			sourceTree = "<group>";
		};
		118C8A9D2758672C00B0C014 /* ChatRequest */ = {
			isa = PBXGroup;
			children = (
				118C8AA42758687200B0C014 /* View */,
			);
			path = ChatRequest;
			sourceTree = "<group>";
		};
		118C8A9E2758675400B0C014 /* Profile */ = {
			isa = PBXGroup;
			children = (
				118C8AA32758686600B0C014 /* View */,
			);
			path = Profile;
			sourceTree = "<group>";
		};
		118C8A9F275867FA00B0C014 /* View */ = {
			isa = PBXGroup;
			children = (
				11A806432745E97700C08379 /* LoginViewController.swift */,
			);
			path = View;
			sourceTree = "<group>";
		};
		118C8AA02758680600B0C014 /* View */ = {
			isa = PBXGroup;
			children = (
				11A806422745E97700C08379 /* AuthenticationViewController.swift */,
			);
			path = View;
			sourceTree = "<group>";
		};
		118C8AA12758680F00B0C014 /* View */ = {
			isa = PBXGroup;
			children = (
				11125483274725D400F6F53F /* EmailRegistrationViewController.swift */,
			);
			path = View;
			sourceTree = "<group>";
		};
		118C8AA22758681D00B0C014 /* View */ = {
			isa = PBXGroup;
			children = (
				11724BEC2745F3F5003AF64E /* SetupProfileViewController.swift */,
			);
			path = View;
			sourceTree = "<group>";
		};
		118C8AA32758686600B0C014 /* View */ = {
			isa = PBXGroup;
			children = (
				118C8A9A275866FB00B0C014 /* ProfileViewController.swift */,
			);
			path = View;
			sourceTree = "<group>";
		};
		118C8AA42758687200B0C014 /* View */ = {
			isa = PBXGroup;
			children = (
				118C8A99275866FB00B0C014 /* ChatRequestViewController.swift */,
			);
			path = View;
			sourceTree = "<group>";
		};
		118C8AA5275868CF00B0C014 /* People */ = {
			isa = PBXGroup;
			children = (
				119513B127618C4F0096FA95 /* Protocols */,
				119513B627618E310096FA95 /* Presenter */,
				118C8AA7275869B800B0C014 /* Views */,
			);
			path = People;
			sourceTree = "<group>";
		};
		118C8AA6275868F300B0C014 /* Chats */ = {
			isa = PBXGroup;
			children = (
				11686ADC2766B58A000A0B2E /* Protocols */,
				11686ADB2766B576000A0B2E /* Presenter */,
				118C8AA8275869D100B0C014 /* Views */,
			);
			path = Chats;
			sourceTree = "<group>";
		};
		118C8AA7275869B800B0C014 /* Views */ = {
			isa = PBXGroup;
			children = (
				116DE6EE274882BE0060016D /* PeopleViewController.swift */,
				116FFD4A2751A30B000E6C2D /* UserCell.swift */,
			);
			path = Views;
			sourceTree = "<group>";
		};
		118C8AA8275869D100B0C014 /* Views */ = {
			isa = PBXGroup;
			children = (
				116DE6EC274882AA0060016D /* ChatsViewController.swift */,
				11616731274DADB000A81B2D /* WaitingChatCell.swift */,
				11690132274C628300A0C991 /* ActiveChatCell.swift */,
			);
			path = Views;
			sourceTree = "<group>";
		};
		119513B127618C4F0096FA95 /* Protocols */ = {
			isa = PBXGroup;
			children = (
				119513B227618C750096FA95 /* PeopleViewProtocol.swift */,
				119513B427618CE00096FA95 /* PeopleViewPresenterProtocol.swift */,
			);
			path = Protocols;
			sourceTree = "<group>";
		};
		119513B627618E310096FA95 /* Presenter */ = {
			isa = PBXGroup;
			children = (
				119513B727618E4C0096FA95 /* PeopleViewPresenter.swift */,
			);
			path = Presenter;
			sourceTree = "<group>";
		};
		11A8064C2745E9A600C08379 /* Components */ = {
			isa = PBXGroup;
			children = (
				11A8064A2745E99300C08379 /* AddProfilePhoto.swift */,
				11623C5F2741D3DA00EFA598 /* UnderlineTextField.swift */,
				11616735274DB61E00A81B2D /* GradientView.swift */,
				115F12EE274F1F7300B238E2 /* SearchBar.swift */,
				116F8F0527531BEF00283018 /* MessageFromProfileTextField.swift */,
			);
			path = Components;
			sourceTree = "<group>";
		};
		239BDDDDC0AB554B6C62D280 /* Frameworks */ = {
			isa = PBXGroup;
			children = (
				FA571685D4FA5819408A1751 /* Pods_Messenger.framework */,
			);
			name = Frameworks;
			sourceTree = "<group>";
		};
		BC9A4352C5FFD572FD8FFA89 /* Pods */ = {
			isa = PBXGroup;
			children = (
				B13A9A59CEC1F78D205A2704 /* Pods-Messenger.debug.xcconfig */,
				EB917D643C9E09410BBB0720 /* Pods-Messenger.release.xcconfig */,
			);
			path = Pods;
			sourceTree = "<group>";
		};
/* End PBXGroup section */

/* Begin PBXNativeTarget section */
		1178E84B273DDEB10049EA54 /* Messenger */ = {
			isa = PBXNativeTarget;
			buildConfigurationList = 1178E860273DDEB40049EA54 /* Build configuration list for PBXNativeTarget "Messenger" */;
			buildPhases = (
				40856D49E25C05BD27415040 /* [CP] Check Pods Manifest.lock */,
				1178E848273DDEB10049EA54 /* Sources */,
				1178E849273DDEB10049EA54 /* Frameworks */,
				1178E84A273DDEB10049EA54 /* Resources */,
				901E2115C42CF806A1100740 /* [CP] Embed Pods Frameworks */,
			);
			buildRules = (
			);
			dependencies = (
			);
			name = Messenger;
			productName = Messenger;
			productReference = 1178E84C273DDEB10049EA54 /* Messenger.app */;
			productType = "com.apple.product-type.application";
		};
/* End PBXNativeTarget section */

/* Begin PBXProject section */
		1178E844273DDEB10049EA54 /* Project object */ = {
			isa = PBXProject;
			attributes = {
				BuildIndependentTargetsInParallel = 1;
				LastSwiftUpdateCheck = 1300;
				LastUpgradeCheck = 1300;
				TargetAttributes = {
					1178E84B273DDEB10049EA54 = {
						CreatedOnToolsVersion = 13.0;
					};
				};
			};
			buildConfigurationList = 1178E847273DDEB10049EA54 /* Build configuration list for PBXProject "Messenger" */;
			compatibilityVersion = "Xcode 13.0";
			developmentRegion = en;
			hasScannedForEncodings = 0;
			knownRegions = (
				en,
				Base,
			);
			mainGroup = 1178E843273DDEB10049EA54;
			productRefGroup = 1178E84D273DDEB10049EA54 /* Products */;
			projectDirPath = "";
			projectRoot = "";
			targets = (
				1178E84B273DDEB10049EA54 /* Messenger */,
			);
		};
/* End PBXProject section */

/* Begin PBXResourcesBuildPhase section */
		1178E84A273DDEB10049EA54 /* Resources */ = {
			isa = PBXResourcesBuildPhase;
			buildActionMask = 2147483647;
			files = (
				116F10402760439600341F83 /* users.json in Resources */,
				1178E85C273DDEB40049EA54 /* LaunchScreen.storyboard in Resources */,
				116E1E64274B1BDC00C0B27E /* activeChats.json in Resources */,
				1193F1432755B61300C601C0 /* GoogleService-Info.plist in Resources */,
				1178E859273DDEB40049EA54 /* Assets.xcassets in Resources */,
				116E1E65274B1BDC00C0B27E /* waitingChats.json in Resources */,
			);
			runOnlyForDeploymentPostprocessing = 0;
		};
/* End PBXResourcesBuildPhase section */

/* Begin PBXShellScriptBuildPhase section */
		40856D49E25C05BD27415040 /* [CP] Check Pods Manifest.lock */ = {
			isa = PBXShellScriptBuildPhase;
			buildActionMask = 2147483647;
			files = (
			);
			inputFileListPaths = (
			);
			inputPaths = (
				"${PODS_PODFILE_DIR_PATH}/Podfile.lock",
				"${PODS_ROOT}/Manifest.lock",
			);
			name = "[CP] Check Pods Manifest.lock";
			outputFileListPaths = (
			);
			outputPaths = (
				"$(DERIVED_FILE_DIR)/Pods-Messenger-checkManifestLockResult.txt",
			);
			runOnlyForDeploymentPostprocessing = 0;
			shellPath = /bin/sh;
			shellScript = "diff \"${PODS_PODFILE_DIR_PATH}/Podfile.lock\" \"${PODS_ROOT}/Manifest.lock\" > /dev/null\nif [ $? != 0 ] ; then\n    # print error to STDERR\n    echo \"error: The sandbox is not in sync with the Podfile.lock. Run 'pod install' or update your CocoaPods installation.\" >&2\n    exit 1\nfi\n# This output is used by Xcode 'outputs' to avoid re-running this script phase.\necho \"SUCCESS\" > \"${SCRIPT_OUTPUT_FILE_0}\"\n";
			showEnvVarsInLog = 0;
		};
		901E2115C42CF806A1100740 /* [CP] Embed Pods Frameworks */ = {
			isa = PBXShellScriptBuildPhase;
			buildActionMask = 2147483647;
			files = (
			);
			inputFileListPaths = (
				"${PODS_ROOT}/Target Support Files/Pods-Messenger/Pods-Messenger-frameworks-${CONFIGURATION}-input-files.xcfilelist",
			);
			name = "[CP] Embed Pods Frameworks";
			outputFileListPaths = (
				"${PODS_ROOT}/Target Support Files/Pods-Messenger/Pods-Messenger-frameworks-${CONFIGURATION}-output-files.xcfilelist",
			);
			runOnlyForDeploymentPostprocessing = 0;
			shellPath = /bin/sh;
			shellScript = "\"${PODS_ROOT}/Target Support Files/Pods-Messenger/Pods-Messenger-frameworks.sh\"\n";
			showEnvVarsInLog = 0;
		};
/* End PBXShellScriptBuildPhase section */

/* Begin PBXSourcesBuildPhase section */
		1178E848273DDEB10049EA54 /* Sources */ = {
			isa = PBXSourcesBuildPhase;
			buildActionMask = 2147483647;
			files = (
				11686AE42766C6A3000A0B2E /* UINavigationItem+Extension.swift in Sources */,
				1167AB3D275448F30085A66C /* UIView+Extension.swift in Sources */,
				11892158275EE9AC00CF871F /* FireStoreServiceProtocol.swift in Sources */,
				1175D790275AE4FD00039D8F /* LoginViewPresenter.swift in Sources */,
				1178E86C273E05FA0049EA54 /* UIFont+Extension.swift in Sources */,
				1175D795275AE54C00039D8F /* LoginViewPresenterProtocol.swift in Sources */,
				1160671D2759BDA500ABA84B /* EmailRegistrationViewPresenterProtocol.swift in Sources */,
				119513B527618CE00096FA95 /* PeopleViewPresenterProtocol.swift in Sources */,
				116F8F0627531BEF00283018 /* MessageFromProfileTextField.swift in Sources */,
				119513B327618C750096FA95 /* PeopleViewProtocol.swift in Sources */,
				1163EB272758456600728C6D /* AuthenticationService.swift in Sources */,
				11A806462745E97800C08379 /* AuthenticationViewController.swift in Sources */,
				115F12EA274F077A00B238E2 /* SectionHeader.swift in Sources */,
				116E1E60274B0E8B00C0B27E /* ChatModel.swift in Sources */,
				1175D7A3275B1F3E00039D8F /* RouterAuthenticationProtocol.swift in Sources */,
				11689150275C572C005003A0 /* SetupProfileViewPresenter.swift in Sources */,
				116FFD4D2751A8EB000E6C2D /* UIViewController+Extension.swift in Sources */,
				116DE6F1274883650060016D /* PeopleAndChatsTabBarController.swift in Sources */,
				11616736274DB61E00A81B2D /* GradientView.swift in Sources */,
				11690133274C628300A0C991 /* ActiveChatCell.swift in Sources */,
				11125484274725D400F6F53F /* EmailRegistrationViewController.swift in Sources */,
				1175D7A0275B1EF100039D8F /* RouterProtocol.swift in Sources */,
				11686ADE2766B6A0000A0B2E /* ChatsViewPresenterProtocol.swift in Sources */,
				1189215E275EF28B00CF871F /* UserError.swift in Sources */,
				116B46E62757015500B064C4 /* Validator.swift in Sources */,
				11892162275EFD3D00CF871F /* SetupProfileViewProtocol.swift in Sources */,
				1175D797275AFFB200039D8F /* RouterAuthentication.swift in Sources */,
				116E5E40273F341200AE2FB2 /* UIImageview+Extension.swift in Sources */,
				1175D799275B179100039D8F /* AuthenticationViewPresenter.swift in Sources */,
				11A8064B2745E99300C08379 /* AddProfilePhoto.swift in Sources */,
				11724BED2745F3F5003AF64E /* SetupProfileViewController.swift in Sources */,
				116DE6ED274882AA0060016D /* ChatsViewController.swift in Sources */,
				116E1E6A274B1F6200C0B27E /* BandleDecodable.swift in Sources */,
				118C8A9B275866FB00B0C014 /* ChatRequestViewController.swift in Sources */,
				115F12EF274F1F7300B238E2 /* SearchBar.swift in Sources */,
				116E5E3E273F33F400AE2FB2 /* UILabel+Extension.swift in Sources */,
				116E5E42273F47FB00AE2FB2 /* UIStackView+Extension.swift in Sources */,
				1175D793275AE53200039D8F /* LoginViewProtocol.swift in Sources */,
				119513B827618E4C0096FA95 /* PeopleViewPresenter.swift in Sources */,
				1160671B2759BD6400ABA84B /* EmailRegistrationViewProtocol.swift in Sources */,
				11689152275C5B27005003A0 /* UIAlertController+Extension.swift in Sources */,
				116FFD492751A0E2000E6C2D /* UserModel.swift in Sources */,
				11623C602741D3DA00EFA598 /* UnderlineTextField.swift in Sources */,
				11686AE02766B9CD000A0B2E /* ChatsViewProtocol.swift in Sources */,
				1189215C275EEB8900CF871F /* FirestoreService.swift in Sources */,
				116DE6EF274882BE0060016D /* PeopleViewController.swift in Sources */,
				1178E850273DDEB10049EA54 /* AppDelegate.swift in Sources */,
				116FFD4B2751A30B000E6C2D /* UserCell.swift in Sources */,
				116067172759B89B00ABA84B /* AssemblyBuilder.swift in Sources */,
				1178E852273DDEB10049EA54 /* SceneDelegate.swift in Sources */,
				1168914E275C5657005003A0 /* SetupProfileViewPresenterProtocol.swift in Sources */,
				116B46E827570CAB00B064C4 /* AuthenticationError.swift in Sources */,
				1163EB2A27585EE100728C6D /* AuthenticationServiceProtocol.swift in Sources */,
				11616732274DADB000A81B2D /* WaitingChatCell.swift in Sources */,
				1178E86A273E01D90049EA54 /* UIColor+Extension.swift in Sources */,
				116067152759A96300ABA84B /* EmailRegistrationViewPresenter.swift in Sources */,
				1175D79B275B17B900039D8F /* AuthenticationViewPresenterProtocol.swift in Sources */,
				11A806472745E97800C08379 /* LoginViewController.swift in Sources */,
				11A8064E2745EA0E00C08379 /* UIButton+Extension.swift in Sources */,
				118C8A9C275866FB00B0C014 /* ProfileViewController.swift in Sources */,
				11686AE22766BA6B000A0B2E /* ChatsViewPresenter.swift in Sources */,
				11690136274C648000A0C991 /* CellConfigurationProtocol.swift in Sources */,
				1162D6C22747148800AAF936 /* UISegmentedControl+Extension.swift in Sources */,
				116067202759BE5100ABA84B /* AssemblyBuilderProtocol.swift in Sources */,
			);
			runOnlyForDeploymentPostprocessing = 0;
		};
/* End PBXSourcesBuildPhase section */

/* Begin PBXVariantGroup section */
		1178E85A273DDEB40049EA54 /* LaunchScreen.storyboard */ = {
			isa = PBXVariantGroup;
			children = (
				1178E85B273DDEB40049EA54 /* Base */,
			);
			name = LaunchScreen.storyboard;
			sourceTree = "<group>";
		};
/* End PBXVariantGroup section */

/* Begin XCBuildConfiguration section */
		1178E85E273DDEB40049EA54 /* Debug */ = {
			isa = XCBuildConfiguration;
			buildSettings = {
				ALWAYS_SEARCH_USER_PATHS = NO;
				CLANG_ANALYZER_NONNULL = YES;
				CLANG_ANALYZER_NUMBER_OBJECT_CONVERSION = YES_AGGRESSIVE;
				CLANG_CXX_LANGUAGE_STANDARD = "gnu++17";
				CLANG_CXX_LIBRARY = "libc++";
				CLANG_ENABLE_MODULES = YES;
				CLANG_ENABLE_OBJC_ARC = YES;
				CLANG_ENABLE_OBJC_WEAK = YES;
				CLANG_WARN_BLOCK_CAPTURE_AUTORELEASING = YES;
				CLANG_WARN_BOOL_CONVERSION = YES;
				CLANG_WARN_COMMA = YES;
				CLANG_WARN_CONSTANT_CONVERSION = YES;
				CLANG_WARN_DEPRECATED_OBJC_IMPLEMENTATIONS = YES;
				CLANG_WARN_DIRECT_OBJC_ISA_USAGE = YES_ERROR;
				CLANG_WARN_DOCUMENTATION_COMMENTS = YES;
				CLANG_WARN_EMPTY_BODY = YES;
				CLANG_WARN_ENUM_CONVERSION = YES;
				CLANG_WARN_INFINITE_RECURSION = YES;
				CLANG_WARN_INT_CONVERSION = YES;
				CLANG_WARN_NON_LITERAL_NULL_CONVERSION = YES;
				CLANG_WARN_OBJC_IMPLICIT_RETAIN_SELF = YES;
				CLANG_WARN_OBJC_LITERAL_CONVERSION = YES;
				CLANG_WARN_OBJC_ROOT_CLASS = YES_ERROR;
				CLANG_WARN_QUOTED_INCLUDE_IN_FRAMEWORK_HEADER = YES;
				CLANG_WARN_RANGE_LOOP_ANALYSIS = YES;
				CLANG_WARN_STRICT_PROTOTYPES = YES;
				CLANG_WARN_SUSPICIOUS_MOVE = YES;
				CLANG_WARN_UNGUARDED_AVAILABILITY = YES_AGGRESSIVE;
				CLANG_WARN_UNREACHABLE_CODE = YES;
				CLANG_WARN__DUPLICATE_METHOD_MATCH = YES;
				COPY_PHASE_STRIP = NO;
				DEBUG_INFORMATION_FORMAT = dwarf;
				ENABLE_STRICT_OBJC_MSGSEND = YES;
				ENABLE_TESTABILITY = YES;
				GCC_C_LANGUAGE_STANDARD = gnu11;
				GCC_DYNAMIC_NO_PIC = NO;
				GCC_NO_COMMON_BLOCKS = YES;
				GCC_OPTIMIZATION_LEVEL = 0;
				GCC_PREPROCESSOR_DEFINITIONS = (
					"DEBUG=1",
					"$(inherited)",
				);
				GCC_WARN_64_TO_32_BIT_CONVERSION = YES;
				GCC_WARN_ABOUT_RETURN_TYPE = YES_ERROR;
				GCC_WARN_UNDECLARED_SELECTOR = YES;
				GCC_WARN_UNINITIALIZED_AUTOS = YES_AGGRESSIVE;
				GCC_WARN_UNUSED_FUNCTION = YES;
				GCC_WARN_UNUSED_VARIABLE = YES;
				IPHONEOS_DEPLOYMENT_TARGET = 15.0;
				MTL_ENABLE_DEBUG_INFO = INCLUDE_SOURCE;
				MTL_FAST_MATH = YES;
				ONLY_ACTIVE_ARCH = YES;
				SDKROOT = iphoneos;
				SWIFT_ACTIVE_COMPILATION_CONDITIONS = DEBUG;
				SWIFT_OPTIMIZATION_LEVEL = "-Onone";
			};
			name = Debug;
		};
		1178E85F273DDEB40049EA54 /* Release */ = {
			isa = XCBuildConfiguration;
			buildSettings = {
				ALWAYS_SEARCH_USER_PATHS = NO;
				CLANG_ANALYZER_NONNULL = YES;
				CLANG_ANALYZER_NUMBER_OBJECT_CONVERSION = YES_AGGRESSIVE;
				CLANG_CXX_LANGUAGE_STANDARD = "gnu++17";
				CLANG_CXX_LIBRARY = "libc++";
				CLANG_ENABLE_MODULES = YES;
				CLANG_ENABLE_OBJC_ARC = YES;
				CLANG_ENABLE_OBJC_WEAK = YES;
				CLANG_WARN_BLOCK_CAPTURE_AUTORELEASING = YES;
				CLANG_WARN_BOOL_CONVERSION = YES;
				CLANG_WARN_COMMA = YES;
				CLANG_WARN_CONSTANT_CONVERSION = YES;
				CLANG_WARN_DEPRECATED_OBJC_IMPLEMENTATIONS = YES;
				CLANG_WARN_DIRECT_OBJC_ISA_USAGE = YES_ERROR;
				CLANG_WARN_DOCUMENTATION_COMMENTS = YES;
				CLANG_WARN_EMPTY_BODY = YES;
				CLANG_WARN_ENUM_CONVERSION = YES;
				CLANG_WARN_INFINITE_RECURSION = YES;
				CLANG_WARN_INT_CONVERSION = YES;
				CLANG_WARN_NON_LITERAL_NULL_CONVERSION = YES;
				CLANG_WARN_OBJC_IMPLICIT_RETAIN_SELF = YES;
				CLANG_WARN_OBJC_LITERAL_CONVERSION = YES;
				CLANG_WARN_OBJC_ROOT_CLASS = YES_ERROR;
				CLANG_WARN_QUOTED_INCLUDE_IN_FRAMEWORK_HEADER = YES;
				CLANG_WARN_RANGE_LOOP_ANALYSIS = YES;
				CLANG_WARN_STRICT_PROTOTYPES = YES;
				CLANG_WARN_SUSPICIOUS_MOVE = YES;
				CLANG_WARN_UNGUARDED_AVAILABILITY = YES_AGGRESSIVE;
				CLANG_WARN_UNREACHABLE_CODE = YES;
				CLANG_WARN__DUPLICATE_METHOD_MATCH = YES;
				COPY_PHASE_STRIP = NO;
				DEBUG_INFORMATION_FORMAT = "dwarf-with-dsym";
				ENABLE_NS_ASSERTIONS = NO;
				ENABLE_STRICT_OBJC_MSGSEND = YES;
				GCC_C_LANGUAGE_STANDARD = gnu11;
				GCC_NO_COMMON_BLOCKS = YES;
				GCC_WARN_64_TO_32_BIT_CONVERSION = YES;
				GCC_WARN_ABOUT_RETURN_TYPE = YES_ERROR;
				GCC_WARN_UNDECLARED_SELECTOR = YES;
				GCC_WARN_UNINITIALIZED_AUTOS = YES_AGGRESSIVE;
				GCC_WARN_UNUSED_FUNCTION = YES;
				GCC_WARN_UNUSED_VARIABLE = YES;
				IPHONEOS_DEPLOYMENT_TARGET = 15.0;
				MTL_ENABLE_DEBUG_INFO = NO;
				MTL_FAST_MATH = YES;
				SDKROOT = iphoneos;
				SWIFT_COMPILATION_MODE = wholemodule;
				SWIFT_OPTIMIZATION_LEVEL = "-O";
				VALIDATE_PRODUCT = YES;
			};
			name = Release;
		};
		1178E861273DDEB40049EA54 /* Debug */ = {
			isa = XCBuildConfiguration;
			baseConfigurationReference = B13A9A59CEC1F78D205A2704 /* Pods-Messenger.debug.xcconfig */;
			buildSettings = {
				ASSETCATALOG_COMPILER_APPICON_NAME = AppIcon;
				ASSETCATALOG_COMPILER_GLOBAL_ACCENT_COLOR_NAME = AccentColor;
				CODE_SIGN_STYLE = Automatic;
				CURRENT_PROJECT_VERSION = 1;
				DEVELOPMENT_TEAM = 3JF86XZDGA;
				GENERATE_INFOPLIST_FILE = YES;
				INFOPLIST_FILE = "Messenger/Supporting Files/Info.plist";
				INFOPLIST_KEY_UIApplicationSupportsIndirectInputEvents = YES;
				INFOPLIST_KEY_UILaunchStoryboardName = LaunchScreen;
				INFOPLIST_KEY_UISupportedInterfaceOrientations_iPad = "UIInterfaceOrientationPortrait UIInterfaceOrientationPortraitUpsideDown UIInterfaceOrientationLandscapeLeft UIInterfaceOrientationLandscapeRight";
				INFOPLIST_KEY_UISupportedInterfaceOrientations_iPhone = "UIInterfaceOrientationPortrait UIInterfaceOrientationLandscapeLeft UIInterfaceOrientationLandscapeRight";
				LD_RUNPATH_SEARCH_PATHS = (
					"$(inherited)",
					"@executable_path/Frameworks",
				);
				MARKETING_VERSION = 1.0;
				PRODUCT_BUNDLE_IDENTIFIER = AlexanderBykov.Messenger;
				PRODUCT_NAME = "$(TARGET_NAME)";
				SWIFT_EMIT_LOC_STRINGS = YES;
				SWIFT_VERSION = 5.0;
				TARGETED_DEVICE_FAMILY = "1,2";
			};
			name = Debug;
		};
		1178E862273DDEB40049EA54 /* Release */ = {
			isa = XCBuildConfiguration;
			baseConfigurationReference = EB917D643C9E09410BBB0720 /* Pods-Messenger.release.xcconfig */;
			buildSettings = {
				ASSETCATALOG_COMPILER_APPICON_NAME = AppIcon;
				ASSETCATALOG_COMPILER_GLOBAL_ACCENT_COLOR_NAME = AccentColor;
				CODE_SIGN_STYLE = Automatic;
				CURRENT_PROJECT_VERSION = 1;
				DEVELOPMENT_TEAM = 3JF86XZDGA;
				GENERATE_INFOPLIST_FILE = YES;
				INFOPLIST_FILE = "Messenger/Supporting Files/Info.plist";
				INFOPLIST_KEY_UIApplicationSupportsIndirectInputEvents = YES;
				INFOPLIST_KEY_UILaunchStoryboardName = LaunchScreen;
				INFOPLIST_KEY_UISupportedInterfaceOrientations_iPad = "UIInterfaceOrientationPortrait UIInterfaceOrientationPortraitUpsideDown UIInterfaceOrientationLandscapeLeft UIInterfaceOrientationLandscapeRight";
				INFOPLIST_KEY_UISupportedInterfaceOrientations_iPhone = "UIInterfaceOrientationPortrait UIInterfaceOrientationLandscapeLeft UIInterfaceOrientationLandscapeRight";
				LD_RUNPATH_SEARCH_PATHS = (
					"$(inherited)",
					"@executable_path/Frameworks",
				);
				MARKETING_VERSION = 1.0;
				PRODUCT_BUNDLE_IDENTIFIER = AlexanderBykov.Messenger;
				PRODUCT_NAME = "$(TARGET_NAME)";
				SWIFT_EMIT_LOC_STRINGS = YES;
				SWIFT_VERSION = 5.0;
				TARGETED_DEVICE_FAMILY = "1,2";
			};
			name = Release;
		};
/* End XCBuildConfiguration section */

/* Begin XCConfigurationList section */
		1178E847273DDEB10049EA54 /* Build configuration list for PBXProject "Messenger" */ = {
			isa = XCConfigurationList;
			buildConfigurations = (
				1178E85E273DDEB40049EA54 /* Debug */,
				1178E85F273DDEB40049EA54 /* Release */,
			);
			defaultConfigurationIsVisible = 0;
			defaultConfigurationName = Release;
		};
		1178E860273DDEB40049EA54 /* Build configuration list for PBXNativeTarget "Messenger" */ = {
			isa = XCConfigurationList;
			buildConfigurations = (
				1178E861273DDEB40049EA54 /* Debug */,
				1178E862273DDEB40049EA54 /* Release */,
			);
			defaultConfigurationIsVisible = 0;
			defaultConfigurationName = Release;
		};
/* End XCConfigurationList section */
	};
	rootObject = 1178E844273DDEB10049EA54 /* Project object */;
}
