// !$*UTF8*$!
{
	archiveVersion = 1;
	classes = {
	};
	objectVersion = 55;
	objects = {

/* Begin PBXBuildFile section */
		11125484274725D400F6F53F /* EmailRegistrationViewController.swift in Sources */ = {isa = PBXBuildFile; fileRef = 11125483274725D400F6F53F /* EmailRegistrationViewController.swift */; };
		11616732274DADB000A81B2D /* WaitingChatCell.swift in Sources */ = {isa = PBXBuildFile; fileRef = 11616731274DADB000A81B2D /* WaitingChatCell.swift */; };
		11623C602741D3DA00EFA598 /* UnderlineTextField.swift in Sources */ = {isa = PBXBuildFile; fileRef = 11623C5F2741D3DA00EFA598 /* UnderlineTextField.swift */; };
		1162D6C22747148800AAF936 /* UISegmentedControl+Extension.swift in Sources */ = {isa = PBXBuildFile; fileRef = 1162D6C12747148800AAF936 /* UISegmentedControl+Extension.swift */; };
		11690133274C628300A0C991 /* ActiveChatCell.swift in Sources */ = {isa = PBXBuildFile; fileRef = 11690132274C628300A0C991 /* ActiveChatCell.swift */; };
		11690136274C648000A0C991 /* CellConfigurationProtocol.swift in Sources */ = {isa = PBXBuildFile; fileRef = 11690135274C648000A0C991 /* CellConfigurationProtocol.swift */; };
		116DE6ED274882AA0060016D /* ChatsViewController.swift in Sources */ = {isa = PBXBuildFile; fileRef = 116DE6EC274882AA0060016D /* ChatsViewController.swift */; };
		116DE6EF274882BE0060016D /* PeopleViewController.swift in Sources */ = {isa = PBXBuildFile; fileRef = 116DE6EE274882BE0060016D /* PeopleViewController.swift */; };
		116DE6F1274883650060016D /* MainTabBarController.swift in Sources */ = {isa = PBXBuildFile; fileRef = 116DE6F0274883650060016D /* MainTabBarController.swift */; };
		116E1E60274B0E8B00C0B27E /* ChatModel.swift in Sources */ = {isa = PBXBuildFile; fileRef = 116E1E5F274B0E8B00C0B27E /* ChatModel.swift */; };
		116E1E64274B1BDC00C0B27E /* activeChats.json in Resources */ = {isa = PBXBuildFile; fileRef = 116E1E62274B1BDC00C0B27E /* activeChats.json */; };
		116E1E65274B1BDC00C0B27E /* waitingChats.json in Resources */ = {isa = PBXBuildFile; fileRef = 116E1E63274B1BDC00C0B27E /* waitingChats.json */; };
		116E1E6A274B1F6200C0B27E /* BandleDecodable.swift in Sources */ = {isa = PBXBuildFile; fileRef = 116E1E69274B1F6200C0B27E /* BandleDecodable.swift */; };
		116E5E3E273F33F400AE2FB2 /* UILabel+Extension.swift in Sources */ = {isa = PBXBuildFile; fileRef = 116E5E3D273F33F400AE2FB2 /* UILabel+Extension.swift */; };
		116E5E40273F341200AE2FB2 /* UIImageview+Extension.swift in Sources */ = {isa = PBXBuildFile; fileRef = 116E5E3F273F341200AE2FB2 /* UIImageview+Extension.swift */; };
		116E5E42273F47FB00AE2FB2 /* UIStackView+Extension.swift in Sources */ = {isa = PBXBuildFile; fileRef = 116E5E41273F47FB00AE2FB2 /* UIStackView+Extension.swift */; };
		11724BED2745F3F5003AF64E /* SetupProfileViewController.swift in Sources */ = {isa = PBXBuildFile; fileRef = 11724BEC2745F3F5003AF64E /* SetupProfileViewController.swift */; };
		1178E850273DDEB10049EA54 /* AppDelegate.swift in Sources */ = {isa = PBXBuildFile; fileRef = 1178E84F273DDEB10049EA54 /* AppDelegate.swift */; };
		1178E852273DDEB10049EA54 /* SceneDelegate.swift in Sources */ = {isa = PBXBuildFile; fileRef = 1178E851273DDEB10049EA54 /* SceneDelegate.swift */; };
		1178E859273DDEB40049EA54 /* Assets.xcassets in Resources */ = {isa = PBXBuildFile; fileRef = 1178E858273DDEB40049EA54 /* Assets.xcassets */; };
		1178E85C273DDEB40049EA54 /* LaunchScreen.storyboard in Resources */ = {isa = PBXBuildFile; fileRef = 1178E85A273DDEB40049EA54 /* LaunchScreen.storyboard */; };
		1178E86A273E01D90049EA54 /* UIColor+Extension.swift in Sources */ = {isa = PBXBuildFile; fileRef = 1178E869273E01D90049EA54 /* UIColor+Extension.swift */; };
		1178E86C273E05FA0049EA54 /* UIFont+Extension.swift in Sources */ = {isa = PBXBuildFile; fileRef = 1178E86B273E05FA0049EA54 /* UIFont+Extension.swift */; };
		11A806462745E97800C08379 /* AuthenticationViewController.swift in Sources */ = {isa = PBXBuildFile; fileRef = 11A806422745E97700C08379 /* AuthenticationViewController.swift */; };
		11A806472745E97800C08379 /* LoginViewController.swift in Sources */ = {isa = PBXBuildFile; fileRef = 11A806432745E97700C08379 /* LoginViewController.swift */; };
		11A8064B2745E99300C08379 /* AddProfilePhoto.swift in Sources */ = {isa = PBXBuildFile; fileRef = 11A8064A2745E99300C08379 /* AddProfilePhoto.swift */; };
		11A8064E2745EA0E00C08379 /* UIButton+Extension.swift in Sources */ = {isa = PBXBuildFile; fileRef = 11A8064D2745EA0E00C08379 /* UIButton+Extension.swift */; };
/* End PBXBuildFile section */

/* Begin PBXFileReference section */
		11125483274725D400F6F53F /* EmailRegistrationViewController.swift */ = {isa = PBXFileReference; fileEncoding = 4; lastKnownFileType = sourcecode.swift; path = EmailRegistrationViewController.swift; sourceTree = "<group>"; };
		11616731274DADB000A81B2D /* WaitingChatCell.swift */ = {isa = PBXFileReference; lastKnownFileType = sourcecode.swift; path = WaitingChatCell.swift; sourceTree = "<group>"; };
		11623C5F2741D3DA00EFA598 /* UnderlineTextField.swift */ = {isa = PBXFileReference; lastKnownFileType = sourcecode.swift; path = UnderlineTextField.swift; sourceTree = "<group>"; };
		1162D6C12747148800AAF936 /* UISegmentedControl+Extension.swift */ = {isa = PBXFileReference; lastKnownFileType = sourcecode.swift; path = "UISegmentedControl+Extension.swift"; sourceTree = "<group>"; };
		11690132274C628300A0C991 /* ActiveChatCell.swift */ = {isa = PBXFileReference; lastKnownFileType = sourcecode.swift; path = ActiveChatCell.swift; sourceTree = "<group>"; };
		11690135274C648000A0C991 /* CellConfigurationProtocol.swift */ = {isa = PBXFileReference; lastKnownFileType = sourcecode.swift; path = CellConfigurationProtocol.swift; sourceTree = "<group>"; };
		116DE6EC274882AA0060016D /* ChatsViewController.swift */ = {isa = PBXFileReference; lastKnownFileType = sourcecode.swift; path = ChatsViewController.swift; sourceTree = "<group>"; };
		116DE6EE274882BE0060016D /* PeopleViewController.swift */ = {isa = PBXFileReference; lastKnownFileType = sourcecode.swift; path = PeopleViewController.swift; sourceTree = "<group>"; };
		116DE6F0274883650060016D /* MainTabBarController.swift */ = {isa = PBXFileReference; lastKnownFileType = sourcecode.swift; path = MainTabBarController.swift; sourceTree = "<group>"; };
		116E1E5F274B0E8B00C0B27E /* ChatModel.swift */ = {isa = PBXFileReference; lastKnownFileType = sourcecode.swift; path = ChatModel.swift; sourceTree = "<group>"; };
		116E1E62274B1BDC00C0B27E /* activeChats.json */ = {isa = PBXFileReference; fileEncoding = 4; lastKnownFileType = text.json; path = activeChats.json; sourceTree = "<group>"; };
		116E1E63274B1BDC00C0B27E /* waitingChats.json */ = {isa = PBXFileReference; fileEncoding = 4; lastKnownFileType = text.json; path = waitingChats.json; sourceTree = "<group>"; };
		116E1E69274B1F6200C0B27E /* BandleDecodable.swift */ = {isa = PBXFileReference; lastKnownFileType = sourcecode.swift; path = BandleDecodable.swift; sourceTree = "<group>"; };
		116E5E3D273F33F400AE2FB2 /* UILabel+Extension.swift */ = {isa = PBXFileReference; lastKnownFileType = sourcecode.swift; path = "UILabel+Extension.swift"; sourceTree = "<group>"; };
		116E5E3F273F341200AE2FB2 /* UIImageview+Extension.swift */ = {isa = PBXFileReference; lastKnownFileType = sourcecode.swift; path = "UIImageview+Extension.swift"; sourceTree = "<group>"; };
		116E5E41273F47FB00AE2FB2 /* UIStackView+Extension.swift */ = {isa = PBXFileReference; lastKnownFileType = sourcecode.swift; path = "UIStackView+Extension.swift"; sourceTree = "<group>"; };
		11724BEC2745F3F5003AF64E /* SetupProfileViewController.swift */ = {isa = PBXFileReference; lastKnownFileType = sourcecode.swift; path = SetupProfileViewController.swift; sourceTree = "<group>"; };
		1178E84C273DDEB10049EA54 /* Messenger.app */ = {isa = PBXFileReference; explicitFileType = wrapper.application; includeInIndex = 0; path = Messenger.app; sourceTree = BUILT_PRODUCTS_DIR; };
		1178E84F273DDEB10049EA54 /* AppDelegate.swift */ = {isa = PBXFileReference; lastKnownFileType = sourcecode.swift; path = AppDelegate.swift; sourceTree = "<group>"; };
		1178E851273DDEB10049EA54 /* SceneDelegate.swift */ = {isa = PBXFileReference; lastKnownFileType = sourcecode.swift; path = SceneDelegate.swift; sourceTree = "<group>"; };
		1178E858273DDEB40049EA54 /* Assets.xcassets */ = {isa = PBXFileReference; lastKnownFileType = folder.assetcatalog; path = Assets.xcassets; sourceTree = "<group>"; };
		1178E85B273DDEB40049EA54 /* Base */ = {isa = PBXFileReference; lastKnownFileType = file.storyboard; name = Base; path = Base.lproj/LaunchScreen.storyboard; sourceTree = "<group>"; };
		1178E85D273DDEB40049EA54 /* Info.plist */ = {isa = PBXFileReference; lastKnownFileType = text.plist.xml; path = Info.plist; sourceTree = "<group>"; };
		1178E869273E01D90049EA54 /* UIColor+Extension.swift */ = {isa = PBXFileReference; lastKnownFileType = sourcecode.swift; path = "UIColor+Extension.swift"; sourceTree = "<group>"; };
		1178E86B273E05FA0049EA54 /* UIFont+Extension.swift */ = {isa = PBXFileReference; lastKnownFileType = sourcecode.swift; path = "UIFont+Extension.swift"; sourceTree = "<group>"; };
		11A806422745E97700C08379 /* AuthenticationViewController.swift */ = {isa = PBXFileReference; fileEncoding = 4; lastKnownFileType = sourcecode.swift; path = AuthenticationViewController.swift; sourceTree = "<group>"; };
		11A806432745E97700C08379 /* LoginViewController.swift */ = {isa = PBXFileReference; fileEncoding = 4; lastKnownFileType = sourcecode.swift; path = LoginViewController.swift; sourceTree = "<group>"; };
		11A8064A2745E99300C08379 /* AddProfilePhoto.swift */ = {isa = PBXFileReference; fileEncoding = 4; lastKnownFileType = sourcecode.swift; path = AddProfilePhoto.swift; sourceTree = "<group>"; };
		11A8064D2745EA0E00C08379 /* UIButton+Extension.swift */ = {isa = PBXFileReference; fileEncoding = 4; lastKnownFileType = sourcecode.swift; path = "UIButton+Extension.swift"; sourceTree = "<group>"; };
/* End PBXFileReference section */

/* Begin PBXFrameworksBuildPhase section */
		1178E849273DDEB10049EA54 /* Frameworks */ = {
			isa = PBXFrameworksBuildPhase;
			buildActionMask = 2147483647;
			files = (
			);
			runOnlyForDeploymentPostprocessing = 0;
		};
/* End PBXFrameworksBuildPhase section */

/* Begin PBXGroup section */
		11690131274C625200A0C991 /* Cells */ = {
			isa = PBXGroup;
			children = (
				11690132274C628300A0C991 /* ActiveChatCell.swift */,
				11616731274DADB000A81B2D /* WaitingChatCell.swift */,
			);
			path = Cells;
			sourceTree = "<group>";
		};
		11690134274C633200A0C991 /* Protocols */ = {
			isa = PBXGroup;
			children = (
				11690135274C648000A0C991 /* CellConfigurationProtocol.swift */,
			);
			path = Protocols;
			sourceTree = "<group>";
		};
		116DE6EB27487FC10060016D /* Auth&Register */ = {
			isa = PBXGroup;
			children = (
				11A806422745E97700C08379 /* AuthenticationViewController.swift */,
				11A806432745E97700C08379 /* LoginViewController.swift */,
				11125483274725D400F6F53F /* EmailRegistrationViewController.swift */,
				11724BEC2745F3F5003AF64E /* SetupProfileViewController.swift */,
			);
			path = "Auth&Register";
			sourceTree = "<group>";
		};
		116DE6F2274888410060016D /* People&Chats */ = {
			isa = PBXGroup;
			children = (
				116DE6F0274883650060016D /* MainTabBarController.swift */,
				116DE6EE274882BE0060016D /* PeopleViewController.swift */,
				116DE6EC274882AA0060016D /* ChatsViewController.swift */,
			);
			path = "People&Chats";
			sourceTree = "<group>";
		};
		116E1E5E274B0E5B00C0B27E /* Models */ = {
			isa = PBXGroup;
			children = (
				116E1E5F274B0E8B00C0B27E /* ChatModel.swift */,
			);
			path = Models;
			sourceTree = "<group>";
		};
		116E1E66274B1F2400C0B27E /* Helper */ = {
			isa = PBXGroup;
			children = (
				116E1E69274B1F6200C0B27E /* BandleDecodable.swift */,
			);
			path = Helper;
			sourceTree = "<group>";
		};
		116E5E43273F492D00AE2FB2 /* UIKit */ = {
			isa = PBXGroup;
			children = (
				1178E869273E01D90049EA54 /* UIColor+Extension.swift */,
				11A8064D2745EA0E00C08379 /* UIButton+Extension.swift */,
				1178E86B273E05FA0049EA54 /* UIFont+Extension.swift */,
				116E5E3D273F33F400AE2FB2 /* UILabel+Extension.swift */,
				116E5E3F273F341200AE2FB2 /* UIImageview+Extension.swift */,
				116E5E41273F47FB00AE2FB2 /* UIStackView+Extension.swift */,
				1162D6C12747148800AAF936 /* UISegmentedControl+Extension.swift */,
			);
			path = UIKit;
			sourceTree = "<group>";
		};
		116E5E44273F49D300AE2FB2 /* Views */ = {
			isa = PBXGroup;
			children = (
				116DE6EB27487FC10060016D /* Auth&Register */,
				116DE6F2274888410060016D /* People&Chats */,
				11690131274C625200A0C991 /* Cells */,
			);
			path = Views;
			sourceTree = "<group>";
		};
		1178E843273DDEB10049EA54 = {
			isa = PBXGroup;
			children = (
				1178E84E273DDEB10049EA54 /* Messenger */,
				1178E84D273DDEB10049EA54 /* Products */,
			);
			sourceTree = "<group>";
		};
		1178E84D273DDEB10049EA54 /* Products */ = {
			isa = PBXGroup;
			children = (
				1178E84C273DDEB10049EA54 /* Messenger.app */,
			);
			name = Products;
			sourceTree = "<group>";
		};
		1178E84E273DDEB10049EA54 /* Messenger */ = {
			isa = PBXGroup;
			children = (
				116E1E5E274B0E5B00C0B27E /* Models */,
				1178E863273DDEE80049EA54 /* Application */,
				1178E865273DFE6E0049EA54 /* Extensions */,
				11690134274C633200A0C991 /* Protocols */,
				116E5E44273F49D300AE2FB2 /* Views */,
				1178E864273DDF0B0049EA54 /* Supporting Files */,
			);
			path = Messenger;
			sourceTree = "<group>";
		};
		1178E863273DDEE80049EA54 /* Application */ = {
			isa = PBXGroup;
			children = (
				1178E84F273DDEB10049EA54 /* AppDelegate.swift */,
				1178E851273DDEB10049EA54 /* SceneDelegate.swift */,
			);
			path = Application;
			sourceTree = "<group>";
		};
		1178E864273DDF0B0049EA54 /* Supporting Files */ = {
			isa = PBXGroup;
			children = (
				116E1E62274B1BDC00C0B27E /* activeChats.json */,
				116E1E63274B1BDC00C0B27E /* waitingChats.json */,
				1178E858273DDEB40049EA54 /* Assets.xcassets */,
				1178E85A273DDEB40049EA54 /* LaunchScreen.storyboard */,
				1178E85D273DDEB40049EA54 /* Info.plist */,
			);
			path = "Supporting Files";
			sourceTree = "<group>";
		};
		1178E865273DFE6E0049EA54 /* Extensions */ = {
			isa = PBXGroup;
			children = (
				116E1E66274B1F2400C0B27E /* Helper */,
				11A8064C2745E9A600C08379 /* Components */,
				116E5E43273F492D00AE2FB2 /* UIKit */,
			);
			path = Extensions;
			sourceTree = "<group>";
		};
		11A8064C2745E9A600C08379 /* Components */ = {
			isa = PBXGroup;
			children = (
				11A8064A2745E99300C08379 /* AddProfilePhoto.swift */,
				11623C5F2741D3DA00EFA598 /* UnderlineTextField.swift */,
			);
			path = Components;
			sourceTree = "<group>";
		};
/* End PBXGroup section */

/* Begin PBXNativeTarget section */
		1178E84B273DDEB10049EA54 /* Messenger */ = {
			isa = PBXNativeTarget;
			buildConfigurationList = 1178E860273DDEB40049EA54 /* Build configuration list for PBXNativeTarget "Messenger" */;
			buildPhases = (
				1178E848273DDEB10049EA54 /* Sources */,
				1178E849273DDEB10049EA54 /* Frameworks */,
				1178E84A273DDEB10049EA54 /* Resources */,
			);
			buildRules = (
			);
			dependencies = (
			);
			name = Messenger;
			productName = Messenger;
			productReference = 1178E84C273DDEB10049EA54 /* Messenger.app */;
			productType = "com.apple.product-type.application";
		};
/* End PBXNativeTarget section */

/* Begin PBXProject section */
		1178E844273DDEB10049EA54 /* Project object */ = {
			isa = PBXProject;
			attributes = {
				BuildIndependentTargetsInParallel = 1;
				LastSwiftUpdateCheck = 1300;
				LastUpgradeCheck = 1300;
				TargetAttributes = {
					1178E84B273DDEB10049EA54 = {
						CreatedOnToolsVersion = 13.0;
					};
				};
			};
			buildConfigurationList = 1178E847273DDEB10049EA54 /* Build configuration list for PBXProject "Messenger" */;
			compatibilityVersion = "Xcode 13.0";
			developmentRegion = en;
			hasScannedForEncodings = 0;
			knownRegions = (
				en,
				Base,
			);
			mainGroup = 1178E843273DDEB10049EA54;
			productRefGroup = 1178E84D273DDEB10049EA54 /* Products */;
			projectDirPath = "";
			projectRoot = "";
			targets = (
				1178E84B273DDEB10049EA54 /* Messenger */,
			);
		};
/* End PBXProject section */

/* Begin PBXResourcesBuildPhase section */
		1178E84A273DDEB10049EA54 /* Resources */ = {
			isa = PBXResourcesBuildPhase;
			buildActionMask = 2147483647;
			files = (
				1178E85C273DDEB40049EA54 /* LaunchScreen.storyboard in Resources */,
				116E1E64274B1BDC00C0B27E /* activeChats.json in Resources */,
				1178E859273DDEB40049EA54 /* Assets.xcassets in Resources */,
				116E1E65274B1BDC00C0B27E /* waitingChats.json in Resources */,
			);
			runOnlyForDeploymentPostprocessing = 0;
		};
/* End PBXResourcesBuildPhase section */

/* Begin PBXSourcesBuildPhase section */
		1178E848273DDEB10049EA54 /* Sources */ = {
			isa = PBXSourcesBuildPhase;
			buildActionMask = 2147483647;
			files = (
				1178E86C273E05FA0049EA54 /* UIFont+Extension.swift in Sources */,
				11A806462745E97800C08379 /* AuthenticationViewController.swift in Sources */,
				116E1E60274B0E8B00C0B27E /* ChatModel.swift in Sources */,
				116DE6F1274883650060016D /* MainTabBarController.swift in Sources */,
				11690133274C628300A0C991 /* ActiveChatCell.swift in Sources */,
				11125484274725D400F6F53F /* EmailRegistrationViewController.swift in Sources */,
				116E5E40273F341200AE2FB2 /* UIImageview+Extension.swift in Sources */,
				11A8064B2745E99300C08379 /* AddProfilePhoto.swift in Sources */,
				11724BED2745F3F5003AF64E /* SetupProfileViewController.swift in Sources */,
				116DE6ED274882AA0060016D /* ChatsViewController.swift in Sources */,
				116E1E6A274B1F6200C0B27E /* BandleDecodable.swift in Sources */,
				116E5E3E273F33F400AE2FB2 /* UILabel+Extension.swift in Sources */,
				116E5E42273F47FB00AE2FB2 /* UIStackView+Extension.swift in Sources */,
				11623C602741D3DA00EFA598 /* UnderlineTextField.swift in Sources */,
				116DE6EF274882BE0060016D /* PeopleViewController.swift in Sources */,
				1178E850273DDEB10049EA54 /* AppDelegate.swift in Sources */,
				1178E852273DDEB10049EA54 /* SceneDelegate.swift in Sources */,
				11616732274DADB000A81B2D /* WaitingChatCell.swift in Sources */,
				1178E86A273E01D90049EA54 /* UIColor+Extension.swift in Sources */,
				11A806472745E97800C08379 /* LoginViewController.swift in Sources */,
				11A8064E2745EA0E00C08379 /* UIButton+Extension.swift in Sources */,
				11690136274C648000A0C991 /* CellConfigurationProtocol.swift in Sources */,
				1162D6C22747148800AAF936 /* UISegmentedControl+Extension.swift in Sources */,
			);
			runOnlyForDeploymentPostprocessing = 0;
		};
/* End PBXSourcesBuildPhase section */

/* Begin PBXVariantGroup section */
		1178E85A273DDEB40049EA54 /* LaunchScreen.storyboard */ = {
			isa = PBXVariantGroup;
			children = (
				1178E85B273DDEB40049EA54 /* Base */,
			);
			name = LaunchScreen.storyboard;
			sourceTree = "<group>";
		};
/* End PBXVariantGroup section */

/* Begin XCBuildConfiguration section */
		1178E85E273DDEB40049EA54 /* Debug */ = {
			isa = XCBuildConfiguration;
			buildSettings = {
				ALWAYS_SEARCH_USER_PATHS = NO;
				CLANG_ANALYZER_NONNULL = YES;
				CLANG_ANALYZER_NUMBER_OBJECT_CONVERSION = YES_AGGRESSIVE;
				CLANG_CXX_LANGUAGE_STANDARD = "gnu++17";
				CLANG_CXX_LIBRARY = "libc++";
				CLANG_ENABLE_MODULES = YES;
				CLANG_ENABLE_OBJC_ARC = YES;
				CLANG_ENABLE_OBJC_WEAK = YES;
				CLANG_WARN_BLOCK_CAPTURE_AUTORELEASING = YES;
				CLANG_WARN_BOOL_CONVERSION = YES;
				CLANG_WARN_COMMA = YES;
				CLANG_WARN_CONSTANT_CONVERSION = YES;
				CLANG_WARN_DEPRECATED_OBJC_IMPLEMENTATIONS = YES;
				CLANG_WARN_DIRECT_OBJC_ISA_USAGE = YES_ERROR;
				CLANG_WARN_DOCUMENTATION_COMMENTS = YES;
				CLANG_WARN_EMPTY_BODY = YES;
				CLANG_WARN_ENUM_CONVERSION = YES;
				CLANG_WARN_INFINITE_RECURSION = YES;
				CLANG_WARN_INT_CONVERSION = YES;
				CLANG_WARN_NON_LITERAL_NULL_CONVERSION = YES;
				CLANG_WARN_OBJC_IMPLICIT_RETAIN_SELF = YES;
				CLANG_WARN_OBJC_LITERAL_CONVERSION = YES;
				CLANG_WARN_OBJC_ROOT_CLASS = YES_ERROR;
				CLANG_WARN_QUOTED_INCLUDE_IN_FRAMEWORK_HEADER = YES;
				CLANG_WARN_RANGE_LOOP_ANALYSIS = YES;
				CLANG_WARN_STRICT_PROTOTYPES = YES;
				CLANG_WARN_SUSPICIOUS_MOVE = YES;
				CLANG_WARN_UNGUARDED_AVAILABILITY = YES_AGGRESSIVE;
				CLANG_WARN_UNREACHABLE_CODE = YES;
				CLANG_WARN__DUPLICATE_METHOD_MATCH = YES;
				COPY_PHASE_STRIP = NO;
				DEBUG_INFORMATION_FORMAT = dwarf;
				ENABLE_STRICT_OBJC_MSGSEND = YES;
				ENABLE_TESTABILITY = YES;
				GCC_C_LANGUAGE_STANDARD = gnu11;
				GCC_DYNAMIC_NO_PIC = NO;
				GCC_NO_COMMON_BLOCKS = YES;
				GCC_OPTIMIZATION_LEVEL = 0;
				GCC_PREPROCESSOR_DEFINITIONS = (
					"DEBUG=1",
					"$(inherited)",
				);
				GCC_WARN_64_TO_32_BIT_CONVERSION = YES;
				GCC_WARN_ABOUT_RETURN_TYPE = YES_ERROR;
				GCC_WARN_UNDECLARED_SELECTOR = YES;
				GCC_WARN_UNINITIALIZED_AUTOS = YES_AGGRESSIVE;
				GCC_WARN_UNUSED_FUNCTION = YES;
				GCC_WARN_UNUSED_VARIABLE = YES;
				IPHONEOS_DEPLOYMENT_TARGET = 15.0;
				MTL_ENABLE_DEBUG_INFO = INCLUDE_SOURCE;
				MTL_FAST_MATH = YES;
				ONLY_ACTIVE_ARCH = YES;
				SDKROOT = iphoneos;
				SWIFT_ACTIVE_COMPILATION_CONDITIONS = DEBUG;
				SWIFT_OPTIMIZATION_LEVEL = "-Onone";
			};
			name = Debug;
		};
		1178E85F273DDEB40049EA54 /* Release */ = {
			isa = XCBuildConfiguration;
			buildSettings = {
				ALWAYS_SEARCH_USER_PATHS = NO;
				CLANG_ANALYZER_NONNULL = YES;
				CLANG_ANALYZER_NUMBER_OBJECT_CONVERSION = YES_AGGRESSIVE;
				CLANG_CXX_LANGUAGE_STANDARD = "gnu++17";
				CLANG_CXX_LIBRARY = "libc++";
				CLANG_ENABLE_MODULES = YES;
				CLANG_ENABLE_OBJC_ARC = YES;
				CLANG_ENABLE_OBJC_WEAK = YES;
				CLANG_WARN_BLOCK_CAPTURE_AUTORELEASING = YES;
				CLANG_WARN_BOOL_CONVERSION = YES;
				CLANG_WARN_COMMA = YES;
				CLANG_WARN_CONSTANT_CONVERSION = YES;
				CLANG_WARN_DEPRECATED_OBJC_IMPLEMENTATIONS = YES;
				CLANG_WARN_DIRECT_OBJC_ISA_USAGE = YES_ERROR;
				CLANG_WARN_DOCUMENTATION_COMMENTS = YES;
				CLANG_WARN_EMPTY_BODY = YES;
				CLANG_WARN_ENUM_CONVERSION = YES;
				CLANG_WARN_INFINITE_RECURSION = YES;
				CLANG_WARN_INT_CONVERSION = YES;
				CLANG_WARN_NON_LITERAL_NULL_CONVERSION = YES;
				CLANG_WARN_OBJC_IMPLICIT_RETAIN_SELF = YES;
				CLANG_WARN_OBJC_LITERAL_CONVERSION = YES;
				CLANG_WARN_OBJC_ROOT_CLASS = YES_ERROR;
				CLANG_WARN_QUOTED_INCLUDE_IN_FRAMEWORK_HEADER = YES;
				CLANG_WARN_RANGE_LOOP_ANALYSIS = YES;
				CLANG_WARN_STRICT_PROTOTYPES = YES;
				CLANG_WARN_SUSPICIOUS_MOVE = YES;
				CLANG_WARN_UNGUARDED_AVAILABILITY = YES_AGGRESSIVE;
				CLANG_WARN_UNREACHABLE_CODE = YES;
				CLANG_WARN__DUPLICATE_METHOD_MATCH = YES;
				COPY_PHASE_STRIP = NO;
				DEBUG_INFORMATION_FORMAT = "dwarf-with-dsym";
				ENABLE_NS_ASSERTIONS = NO;
				ENABLE_STRICT_OBJC_MSGSEND = YES;
				GCC_C_LANGUAGE_STANDARD = gnu11;
				GCC_NO_COMMON_BLOCKS = YES;
				GCC_WARN_64_TO_32_BIT_CONVERSION = YES;
				GCC_WARN_ABOUT_RETURN_TYPE = YES_ERROR;
				GCC_WARN_UNDECLARED_SELECTOR = YES;
				GCC_WARN_UNINITIALIZED_AUTOS = YES_AGGRESSIVE;
				GCC_WARN_UNUSED_FUNCTION = YES;
				GCC_WARN_UNUSED_VARIABLE = YES;
				IPHONEOS_DEPLOYMENT_TARGET = 15.0;
				MTL_ENABLE_DEBUG_INFO = NO;
				MTL_FAST_MATH = YES;
				SDKROOT = iphoneos;
				SWIFT_COMPILATION_MODE = wholemodule;
				SWIFT_OPTIMIZATION_LEVEL = "-O";
				VALIDATE_PRODUCT = YES;
			};
			name = Release;
		};
		1178E861273DDEB40049EA54 /* Debug */ = {
			isa = XCBuildConfiguration;
			buildSettings = {
				ASSETCATALOG_COMPILER_APPICON_NAME = AppIcon;
				ASSETCATALOG_COMPILER_GLOBAL_ACCENT_COLOR_NAME = AccentColor;
				CODE_SIGN_STYLE = Automatic;
				CURRENT_PROJECT_VERSION = 1;
				DEVELOPMENT_TEAM = 3JF86XZDGA;
				GENERATE_INFOPLIST_FILE = YES;
				INFOPLIST_FILE = "Messenger/Supporting Files/Info.plist";
				INFOPLIST_KEY_UIApplicationSupportsIndirectInputEvents = YES;
				INFOPLIST_KEY_UILaunchStoryboardName = LaunchScreen;
				INFOPLIST_KEY_UISupportedInterfaceOrientations_iPad = "UIInterfaceOrientationPortrait UIInterfaceOrientationPortraitUpsideDown UIInterfaceOrientationLandscapeLeft UIInterfaceOrientationLandscapeRight";
				INFOPLIST_KEY_UISupportedInterfaceOrientations_iPhone = "UIInterfaceOrientationPortrait UIInterfaceOrientationLandscapeLeft UIInterfaceOrientationLandscapeRight";
				LD_RUNPATH_SEARCH_PATHS = (
					"$(inherited)",
					"@executable_path/Frameworks",
				);
				MARKETING_VERSION = 1.0;
				PRODUCT_BUNDLE_IDENTIFIER = AlexanderBykov.Messenger;
				PRODUCT_NAME = "$(TARGET_NAME)";
				SWIFT_EMIT_LOC_STRINGS = YES;
				SWIFT_VERSION = 5.0;
				TARGETED_DEVICE_FAMILY = "1,2";
			};
			name = Debug;
		};
		1178E862273DDEB40049EA54 /* Release */ = {
			isa = XCBuildConfiguration;
			buildSettings = {
				ASSETCATALOG_COMPILER_APPICON_NAME = AppIcon;
				ASSETCATALOG_COMPILER_GLOBAL_ACCENT_COLOR_NAME = AccentColor;
				CODE_SIGN_STYLE = Automatic;
				CURRENT_PROJECT_VERSION = 1;
				DEVELOPMENT_TEAM = 3JF86XZDGA;
				GENERATE_INFOPLIST_FILE = YES;
				INFOPLIST_FILE = "Messenger/Supporting Files/Info.plist";
				INFOPLIST_KEY_UIApplicationSupportsIndirectInputEvents = YES;
				INFOPLIST_KEY_UILaunchStoryboardName = LaunchScreen;
				INFOPLIST_KEY_UISupportedInterfaceOrientations_iPad = "UIInterfaceOrientationPortrait UIInterfaceOrientationPortraitUpsideDown UIInterfaceOrientationLandscapeLeft UIInterfaceOrientationLandscapeRight";
				INFOPLIST_KEY_UISupportedInterfaceOrientations_iPhone = "UIInterfaceOrientationPortrait UIInterfaceOrientationLandscapeLeft UIInterfaceOrientationLandscapeRight";
				LD_RUNPATH_SEARCH_PATHS = (
					"$(inherited)",
					"@executable_path/Frameworks",
				);
				MARKETING_VERSION = 1.0;
				PRODUCT_BUNDLE_IDENTIFIER = AlexanderBykov.Messenger;
				PRODUCT_NAME = "$(TARGET_NAME)";
				SWIFT_EMIT_LOC_STRINGS = YES;
				SWIFT_VERSION = 5.0;
				TARGETED_DEVICE_FAMILY = "1,2";
			};
			name = Release;
		};
/* End XCBuildConfiguration section */

/* Begin XCConfigurationList section */
		1178E847273DDEB10049EA54 /* Build configuration list for PBXProject "Messenger" */ = {
			isa = XCConfigurationList;
			buildConfigurations = (
				1178E85E273DDEB40049EA54 /* Debug */,
				1178E85F273DDEB40049EA54 /* Release */,
			);
			defaultConfigurationIsVisible = 0;
			defaultConfigurationName = Release;
		};
		1178E860273DDEB40049EA54 /* Build configuration list for PBXNativeTarget "Messenger" */ = {
			isa = XCConfigurationList;
			buildConfigurations = (
				1178E861273DDEB40049EA54 /* Debug */,
				1178E862273DDEB40049EA54 /* Release */,
			);
			defaultConfigurationIsVisible = 0;
			defaultConfigurationName = Release;
		};
/* End XCConfigurationList section */
	};
	rootObject = 1178E844273DDEB10049EA54 /* Project object */;
}
